
Microsoft Visual Studio Solution File, Format Version 12.00
# Visual Studio Version 17
VisualStudioVersion = 17.10.35122.118
MinimumVisualStudioVersion = 10.0.40219.1
Project("{8BC9CEB8-8B4A-11D0-8D11-00A0C91BC942}") = "Client", "Client\default\Client.vcxproj", "{30BB20AD-28FC-4DA3-8D53-39A8206CBF15}"
	ProjectSection(ProjectDependencies) = postProject
		{F1E84DF0-FB5C-4055-B88B-E4F64C8E3462} = {F1E84DF0-FB5C-4055-B88B-E4F64C8E3462}
	EndProjectSection
EndProject
Project("{8BC9CEB8-8B4A-11D0-8D11-00A0C91BC942}") = "Engine", "Engine\Default\Engine.vcxproj", "{F1E84DF0-FB5C-4055-B88B-E4F64C8E3462}"
EndProject
Project("{2150E333-8FDC-42A3-9474-1A3956D46DE8}") = "Solution Items", "Solution Items", "{71683B6D-FDEF-420A-9C83-E91DDEA59D04}"
	ProjectSection(SolutionItems) = preProject
		README.md = README.md
	EndProjectSection
EndProject
Project("{8BC9CEB8-8B4A-11D0-8D11-00A0C91BC942}") = "Editor", "Editor\default\Editor.vcxproj", "{F7C4DB7D-D676-4CA4-8CD4-0B35565F8727}"
EndProject
Project("{2150E333-8FDC-42A3-9474-1A3956D46DE8}") = "Saves", "Saves", "{C8D5274F-AC00-46C7-1F8D-E88E81087A52}"
	ProjectSection(SolutionItems) = preProject
		Client\Save\ClassNames.json = Client\Save\ClassNames.json
		Client\Save\LEVEL.json = Client\Save\LEVEL.json
		Client\Save\LEVEL_Antarctic1.json = Client\Save\LEVEL_Antarctic1.json
		Client\Save\LEVEL_Antarctic1_Test.json = Client\Save\LEVEL_Antarctic1_Test.json
		Client\Save\LEVEL_Antarctic1_Test3.json = Client\Save\LEVEL_Antarctic1_Test3.json
		Client\Save\LEVEL_AntarcticBoss.json = Client\Save\LEVEL_AntarcticBoss.json
		Client\Save\LEVEL_AntarcticBoss2.json = Client\Save\LEVEL_AntarcticBoss2.json
		Client\Save\LEVEL_Editor.json = Client\Save\LEVEL_Editor.json
		Client\Save\LEVEL_GAMEPLAY.json = Client\Save\LEVEL_GAMEPLAY.json
		Client\Save\LEVEL_GamePlay_Test.json = Client\Save\LEVEL_GamePlay_Test.json
		Client\Save\LEVEL_Hong.json = Client\Save\LEVEL_Hong.json
		Client\Save\LEVEL_Hub.json = Client\Save\LEVEL_Hub.json
		Client\Save\LEVEL_TEST.json = Client\Save\LEVEL_TEST.json
		Client\Save\Prototypes - 백업.json = Client\Save\Prototypes - 백업.json
		Client\Save\Prototypes.json = Client\Save\Prototypes.json
		Client\Save\Prototypes_For_Boss1.json = Client\Save\Prototypes_For_Boss1.json
		Client\Save\Prototypes_For_Editor.json = Client\Save\Prototypes_For_Editor.json
		Client\Save\Prototypes_For_Hong.json = Client\Save\Prototypes_For_Hong.json
		Client\Save\Prototypes_For_Hub.json = Client\Save\Prototypes_For_Hub.json
		Client\Save\Prototypes_For_Test.json = Client\Save\Prototypes_For_Test.json
		Client\Save\Prototypes_Static.json = Client\Save\Prototypes_Static.json
	EndProjectSection
EndProject
Project("{2150E333-8FDC-42A3-9474-1A3956D46DE8}") = "Materials", "Materials", "{7E07F00B-ADE9-4CC2-949B-3D19ADCCB2DF}"
	ProjectSection(SolutionItems) = preProject
		Resources\Materials\BaseMaterial.json = Resources\Materials\BaseMaterial.json
		Resources\Materials\GlowMaterial.json = Resources\Materials\GlowMaterial.json
		Resources\Materials\HubStructureMaterial.json = Resources\Materials\HubStructureMaterial.json
		Resources\Materials\StructureMaterial.json = Resources\Materials\StructureMaterial.json
	EndProjectSection
EndProject
Project("{2150E333-8FDC-42A3-9474-1A3956D46DE8}") = "Lights", "Lights", "{06C169D5-BCF5-47E6-A2BD-599C7EAD040F}"
	ProjectSection(SolutionItems) = preProject
		Resources\Lights\CandlesLight.json = Resources\Lights\CandlesLight.json
		Resources\Lights\Gold.json = Resources\Lights\Gold.json
		Resources\Lights\GunLight.json = Resources\Lights\GunLight.json
		Resources\Lights\HubLight.json = Resources\Lights\HubLight.json
		Resources\Lights\LampLight.json = Resources\Lights\LampLight.json
		Resources\Lights\Magic.json = Resources\Lights\Magic.json
		Resources\Lights\Shop.json = Resources\Lights\Shop.json
		Resources\Lights\TestLight.json = Resources\Lights\TestLight.json
		Resources\Lights\TestLight2.json = Resources\Lights\TestLight2.json
		Resources\Lights\Torch.json = Resources\Lights\Torch.json
	EndProjectSection
EndProject
Global
	GlobalSection(SolutionConfigurationPlatforms) = preSolution
		Debug|x64 = Debug|x64
		Debug|x86 = Debug|x86
		Release|x64 = Release|x64
		Release|x86 = Release|x86
	EndGlobalSection
	GlobalSection(ProjectConfigurationPlatforms) = postSolution
		{30BB20AD-28FC-4DA3-8D53-39A8206CBF15}.Debug|x64.ActiveCfg = Debug|x64
		{30BB20AD-28FC-4DA3-8D53-39A8206CBF15}.Debug|x64.Build.0 = Debug|x64
		{30BB20AD-28FC-4DA3-8D53-39A8206CBF15}.Debug|x86.ActiveCfg = Debug|Win32
		{30BB20AD-28FC-4DA3-8D53-39A8206CBF15}.Debug|x86.Build.0 = Debug|Win32
		{30BB20AD-28FC-4DA3-8D53-39A8206CBF15}.Release|x64.ActiveCfg = Release|x64
		{30BB20AD-28FC-4DA3-8D53-39A8206CBF15}.Release|x64.Build.0 = Release|x64
		{30BB20AD-28FC-4DA3-8D53-39A8206CBF15}.Release|x86.ActiveCfg = Release|Win32
		{30BB20AD-28FC-4DA3-8D53-39A8206CBF15}.Release|x86.Build.0 = Release|Win32
		{F1E84DF0-FB5C-4055-B88B-E4F64C8E3462}.Debug|x64.ActiveCfg = Debug|x64
		{F1E84DF0-FB5C-4055-B88B-E4F64C8E3462}.Debug|x64.Build.0 = Debug|x64
		{F1E84DF0-FB5C-4055-B88B-E4F64C8E3462}.Debug|x86.ActiveCfg = Debug|Win32
		{F1E84DF0-FB5C-4055-B88B-E4F64C8E3462}.Debug|x86.Build.0 = Debug|Win32
		{F1E84DF0-FB5C-4055-B88B-E4F64C8E3462}.Release|x64.ActiveCfg = Release|x64
		{F1E84DF0-FB5C-4055-B88B-E4F64C8E3462}.Release|x64.Build.0 = Release|x64
		{F1E84DF0-FB5C-4055-B88B-E4F64C8E3462}.Release|x86.ActiveCfg = Release|Win32
		{F1E84DF0-FB5C-4055-B88B-E4F64C8E3462}.Release|x86.Build.0 = Release|Win32
		{F7C4DB7D-D676-4CA4-8CD4-0B35565F8727}.Debug|x64.ActiveCfg = Debug|x64
		{F7C4DB7D-D676-4CA4-8CD4-0B35565F8727}.Debug|x64.Build.0 = Debug|x64
		{F7C4DB7D-D676-4CA4-8CD4-0B35565F8727}.Debug|x86.ActiveCfg = Debug|Win32
		{F7C4DB7D-D676-4CA4-8CD4-0B35565F8727}.Debug|x86.Build.0 = Debug|Win32
		{F7C4DB7D-D676-4CA4-8CD4-0B35565F8727}.Release|x64.ActiveCfg = Release|x64
		{F7C4DB7D-D676-4CA4-8CD4-0B35565F8727}.Release|x64.Build.0 = Release|x64
		{F7C4DB7D-D676-4CA4-8CD4-0B35565F8727}.Release|x86.ActiveCfg = Release|Win32
		{F7C4DB7D-D676-4CA4-8CD4-0B35565F8727}.Release|x86.Build.0 = Release|Win32
	EndGlobalSection
	GlobalSection(SolutionProperties) = preSolution
		HideSolutionNode = FALSE
	EndGlobalSection
	GlobalSection(ExtensibilityGlobals) = postSolution
		SolutionGuid = {882E3280-B93B-435E-AE6A-DD300424D130}
	EndGlobalSection
EndGlobal
