<?xml version="1.0" encoding="utf-8"?>
<Project ToolsVersion="4.0" xmlns="http://schemas.microsoft.com/developer/msbuild/2003">
  <ItemGroup>
    <Filter Include="99.Headers">
      <UniqueIdentifier>{fcace3ae-9159-40b6-9db2-b1157c2c1a8e}</UniqueIdentifier>
    </Filter>
    <Filter Include="98.Default">
      <UniqueIdentifier>{c71aa598-32ef-4232-87ce-4a5d4dad2483}</UniqueIdentifier>
    </Filter>
    <Filter Include="00.MainApp">
      <UniqueIdentifier>{369681bb-6938-407b-bc8d-ba710eb82c23}</UniqueIdentifier>
    </Filter>
    <Filter Include="01.Levels">
      <UniqueIdentifier>{41256f5c-82f1-4be2-a738-7bf24b49e419}</UniqueIdentifier>
    </Filter>
    <Filter Include="01.Levels\Logo">
      <UniqueIdentifier>{a926e41f-b171-4b7c-90c8-605be1a166f7}</UniqueIdentifier>
    </Filter>
    <Filter Include="01.Levels\Loading">
      <UniqueIdentifier>{cd6f1077-a658-4259-ad08-ca7b827e1e50}</UniqueIdentifier>
    </Filter>
    <Filter Include="01.Levels\Loading\Loader">
      <UniqueIdentifier>{a4567c73-3efb-4ce1-a29b-da4945a9cb93}</UniqueIdentifier>
    </Filter>
    <Filter Include="01.Levels\GamePlay">
      <UniqueIdentifier>{efb49076-2627-4a87-abf5-c51f865b5c61}</UniqueIdentifier>
    </Filter>
    <Filter Include="02.GameObjects">
      <UniqueIdentifier>{fc197735-46d5-4551-ad66-96d8601cef85}</UniqueIdentifier>
    </Filter>
    <Filter Include="02.GameObjects\Terrain">
      <UniqueIdentifier>{9de21c46-a0f5-43b6-8a26-1378d9bcc1aa}</UniqueIdentifier>
    </Filter>
  </ItemGroup>
  <ItemGroup>
    <ClInclude Include="Client.h">
      <Filter>98.Default</Filter>
    </ClInclude>
    <ClInclude Include="framework.h">
      <Filter>98.Default</Filter>
    </ClInclude>
    <ClInclude Include="Resource.h">
      <Filter>98.Default</Filter>
    </ClInclude>
    <ClInclude Include="targetver.h">
      <Filter>98.Default</Filter>
    </ClInclude>
    <ClInclude Include="MainApp.h">
      <Filter>00.MainApp</Filter>
    </ClInclude>
    <ClInclude Include="..\public\Client_Defines.h">
      <Filter>99.Headers</Filter>
    </ClInclude>
    <ClInclude Include="..\public\Client_Enum.h">
      <Filter>99.Headers</Filter>
    </ClInclude>
    <ClInclude Include="..\public\Terrain.h">
      <Filter>02.GameObjects\Terrain</Filter>
    </ClInclude>
    <ClInclude Include="..\public\Camera_Free.h">
      <Filter>02.GameObjects\Camera\Free</Filter>
    </ClInclude>
    <ClInclude Include="..\public\Loader.h">
      <Filter>01.Levels\Loading\Loader</Filter>
    </ClInclude>
    <ClInclude Include="..\public\Level_Logo.h">
      <Filter>01.Levels\Logo</Filter>
    </ClInclude>
    <ClInclude Include="..\public\Level_Loading.h">
      <Filter>01.Levels\Loading</Filter>
    </ClInclude>
    <ClInclude Include="..\public\Level_GamePlay.h">
      <Filter>01.Levels\GamePlay</Filter>
    </ClInclude>
    <ClInclude Include="..\public\BackGround.h">
      <Filter>02.GameObjects\UI\Logo_UI\BackGround\BackGround_1</Filter>
    </ClInclude>
    <ClInclude Include="..\public\BackGround_2.h">
      <Filter>02.GameObjects\UI\Logo_UI\BackGround\BackGround_2</Filter>
    </ClInclude>
    <ClInclude Include="..\public\BackGround_3.h">
      <Filter>02.GameObjects\UI\Logo_UI\BackGround\BackGround_3</Filter>
    </ClInclude>
    <ClInclude Include="..\public\BackGround_4.h">
      <Filter>02.GameObjects\UI\Logo_UI\BackGround\BackGround_4</Filter>
    </ClInclude>
    <ClInclude Include="..\public\CUI_Manager.h">
      <Filter>98. Manager\UI_Manager</Filter>
    </ClInclude>
    <ClInclude Include="..\public\UI_HPDisplay.h">
      <Filter>02.GameObjects\UI\GamePlay_UI\01.UI_HP</Filter>
    </ClInclude>
    <ClInclude Include="..\public\CUI_WeaponIcon.h">
      <Filter>02.GameObjects\UI\GamePlay_UI\05.UI_WEAPON</Filter>
    </ClInclude>
    <ClInclude Include="..\public\CUI_AmmoDisplay.h">
      <Filter>02.GameObjects\UI\GamePlay_UI\03.UI_AMMO</Filter>
    </ClInclude>
    <ClInclude Include="..\public\CUI_Menu.h">
      <Filter>02.GameObjects\UI\GamePlay_UI\04.UI_MENU</Filter>
    </ClInclude>
    <ClInclude Include="..\public\CUI_Dialogue.h">
      <Filter>02.GameObjects\UI\GamePlay_UI\06.UI_DIALOGUE</Filter>
    </ClInclude>
    <ClInclude Include="..\public\UI_ExpDisplay.h">
      <Filter>02.GameObjects\UI\GamePlay_UI\02.UI_EXP</Filter>
    </ClInclude>
    <ClInclude Include="..\public\UI_Default_Panel.h">
      <Filter>02.GameObjects\UI\GamePlay_UI\00.UI_PANEL</Filter>
    </ClInclude>
    <ClInclude Include="..\public\Default_Menu.h">
      <Filter>02.GameObjects\UI\Logo_UI\MainMenu\Default_Menu</Filter>
    </ClInclude>
    <ClInclude Include="..\Public\Start_Button.h">
      <Filter>02.GameObjects\UI\Logo_UI\MainMenu\Start_Button</Filter>
    </ClInclude>
    <ClInclude Include="..\Public\Exit_Button.h">
      <Filter>02.GameObjects\UI\Logo_UI\MainMenu\Exit_Button</Filter>
    </ClInclude>
    <ClInclude Include="..\public\CUI_Base.h">
      <Filter>02.GameObjects\UI\GamePlay_UI</Filter>
    </ClInclude>
    <ClInclude Include="..\Public\Loading_UI.h">
      <Filter>02.GameObjects\UI\Loading</Filter>
    </ClInclude>
    <ClInclude Include="..\Public\UI_HPBar.h">
      <Filter>02.GameObjects\UI\GamePlay_UI\01.UI_HP</Filter>
    </ClInclude>
    <ClInclude Include="..\Public\UI_EXPBar.h">
      <Filter>02.GameObjects\UI\GamePlay_UI\02.UI_EXP</Filter>
    </ClInclude>
    <ClInclude Include="..\Public\UI_AMMOBar.h">
      <Filter>02.GameObjects\UI\GamePlay_UI\03.UI_AMMO</Filter>
    </ClInclude>
    <ClInclude Include="..\public\Camera_Free.h">
      <Filter>02.GameObjects\Camera\Free</Filter>
    </ClInclude>
    <ClInclude Include="Client_Imgui.h">
      <Filter>99.Headers</Filter>
    </ClInclude>
    <ClInclude Include="..\..\External Libraries\imgui\backends\imgui_impl_dx9.h">
      <Filter>External Lib\IMGUI\96.ImGUI\backends</Filter>
    </ClInclude>
    <ClInclude Include="..\..\External Libraries\imgui\backends\imgui_impl_win32.h">
      <Filter>External Lib\IMGUI\96.ImGUI\backends</Filter>
    </ClInclude>
    <ClInclude Include="..\..\External Libraries\imgui\imconfig.h">
      <Filter>External Lib\IMGUI\96.ImGUI</Filter>
    </ClInclude>
    <ClInclude Include="..\..\External Libraries\imgui\imgui.h">
      <Filter>External Lib\IMGUI\96.ImGUI</Filter>
    </ClInclude>
    <ClInclude Include="..\..\External Libraries\imgui\imgui_internal.h">
      <Filter>External Lib\IMGUI\96.ImGUI</Filter>
    </ClInclude>
    <ClInclude Include="..\..\External Libraries\imgui\imstb_rectpack.h">
      <Filter>External Lib\IMGUI\96.ImGUI</Filter>
    </ClInclude>
    <ClInclude Include="..\..\External Libraries\imgui\imstb_textedit.h">
      <Filter>External Lib\IMGUI\96.ImGUI</Filter>
    </ClInclude>
    <ClInclude Include="..\..\External Libraries\imgui\imstb_truetype.h">
      <Filter>External Lib\IMGUI\96.ImGUI</Filter>
    </ClInclude>
  </ItemGroup>
  <ItemGroup>
    <Image Include="Client.ico">
      <Filter>98.Default</Filter>
    </Image>
    <Image Include="small.ico">
      <Filter>98.Default</Filter>
    </Image>
  </ItemGroup>
  <ItemGroup>
    <ResourceCompile Include="Client.rc">
      <Filter>98.Default</Filter>
    </ResourceCompile>
  </ItemGroup>
  <ItemGroup>
    <ClCompile Include="Client.cpp">
      <Filter>98.Default</Filter>
    </ClCompile>
    <ClCompile Include="MainApp.cpp">
      <Filter>00.MainApp</Filter>
    </ClCompile>
    <ClCompile Include="..\private\Terrain.cpp">
      <Filter>02.GameObjects\Terrain</Filter>
    </ClCompile>
    <ClCompile Include="..\private\Camera_Free.cpp">
      <Filter>02.GameObjects\Camera\Free</Filter>
    </ClCompile>
    <ClCompile Include="..\private\Loader.cpp">
      <Filter>01.Levels\Loading\Loader</Filter>
    </ClCompile>
    <ClCompile Include="..\private\Level_Logo.cpp">
      <Filter>01.Levels\Logo</Filter>
    </ClCompile>
    <ClCompile Include="..\private\Level_Loading.cpp">
      <Filter>01.Levels\Loading</Filter>
    </ClCompile>
    <ClCompile Include="..\private\Level_GamePlay.cpp">
      <Filter>01.Levels\GamePlay</Filter>
    </ClCompile>
    <ClCompile Include="..\Private\BackGround.cpp">
      <Filter>02.GameObjects\UI\Logo_UI\BackGround\BackGround_1</Filter>
    </ClCompile>
    <ClCompile Include="..\private\BackGround_2.cpp">
      <Filter>02.GameObjects\UI\Logo_UI\BackGround\BackGround_2</Filter>
    </ClCompile>
    <ClCompile Include="..\private\BackGround_3.cpp">
      <Filter>02.GameObjects\UI\Logo_UI\BackGround\BackGround_3</Filter>
    </ClCompile>
    <ClCompile Include="..\private\BackGround_4.cpp">
      <Filter>02.GameObjects\UI\Logo_UI\BackGround\BackGround_4</Filter>
    </ClCompile>
    <ClCompile Include="..\private\CUI_Manager.cpp">
      <Filter>98. Manager\UI_Manager</Filter>
    </ClCompile>
    <ClCompile Include="..\private\UI_HPDisplay.cpp">
      <Filter>02.GameObjects\UI\GamePlay_UI\01.UI_HP</Filter>
    </ClCompile>
    <ClCompile Include="..\private\CUI_WeaponIcon.cpp">
      <Filter>02.GameObjects\UI\GamePlay_UI\05.UI_WEAPON</Filter>
    </ClCompile>
    <ClCompile Include="..\private\CUI_AmmoDisplay.cpp">
      <Filter>02.GameObjects\UI\GamePlay_UI\03.UI_AMMO</Filter>
    </ClCompile>
    <ClCompile Include="..\private\CUI_Menu.cpp">
      <Filter>02.GameObjects\UI\GamePlay_UI\04.UI_MENU</Filter>
    </ClCompile>
    <ClCompile Include="..\private\CUI_Dialogue.cpp">
      <Filter>02.GameObjects\UI\GamePlay_UI\06.UI_DIALOGUE</Filter>
    </ClCompile>
    <ClCompile Include="..\private\UI_ExpDisplay.cpp">
      <Filter>02.GameObjects\UI\GamePlay_UI\02.UI_EXP</Filter>
    </ClCompile>
    <ClCompile Include="..\private\UI_Default_Panel.cpp">
      <Filter>02.GameObjects\UI\GamePlay_UI\00.UI_PANEL</Filter>
    </ClCompile>
    <ClCompile Include="..\private\Default_Menu.cpp">
      <Filter>02.GameObjects\UI\Logo_UI\MainMenu\Default_Menu</Filter>
    </ClCompile>
    <ClCompile Include="..\Private\Start_Button.cpp">
      <Filter>02.GameObjects\UI\Logo_UI\MainMenu\Start_Button</Filter>
    </ClCompile>
    <ClCompile Include="..\Private\Exit_Button.cpp">
      <Filter>02.GameObjects\UI\Logo_UI\MainMenu\Exit_Button</Filter>
    </ClCompile>
    <ClCompile Include="..\private\CUI_Base.cpp">
      <Filter>02.GameObjects\UI\GamePlay_UI</Filter>
    </ClCompile>
    <ClCompile Include="..\Private\Loading_UI.cpp">
      <Filter>02.GameObjects\UI\Loading</Filter>
    </ClCompile>
    <ClCompile Include="..\Private\UI_HPBar.cpp">
      <Filter>02.GameObjects\UI\GamePlay_UI\01.UI_HP</Filter>
    </ClCompile>
    <ClCompile Include="..\Private\UI_EXPBar.cpp">
      <Filter>02.GameObjects\UI\GamePlay_UI\02.UI_EXP</Filter>
    </ClCompile>
    <ClCompile Include="..\Private\UI_AMMOBar.cpp">
      <Filter>02.GameObjects\UI\GamePlay_UI\03.UI_AMMO</Filter>
    </ClCompile>
    <ClCompile Include="..\private\Camera_Free.cpp">
      <Filter>02.GameObjects\Camera\Free</Filter>
    </ClCompile>
    <ClCompile Include="..\..\External Libraries\imgui\backends\imgui_impl_dx9.cpp">
      <Filter>External Lib\IMGUI\96.ImGUI\backends</Filter>
    </ClCompile>
    <ClCompile Include="..\..\External Libraries\imgui\backends\imgui_impl_win32.cpp">
      <Filter>External Lib\IMGUI\96.ImGUI\backends</Filter>
    </ClCompile>
    <ClCompile Include="..\..\External Libraries\imgui\imgui_draw.cpp">
      <Filter>External Lib\IMGUI\96.ImGUI</Filter>
    </ClCompile>
    <ClCompile Include="..\..\External Libraries\imgui\imgui.cpp">
      <Filter>External Lib\IMGUI\96.ImGUI</Filter>
    </ClCompile>
    <ClCompile Include="..\..\External Libraries\imgui\imgui_demo.cpp">
      <Filter>External Lib\IMGUI\96.ImGUI</Filter>
    </ClCompile>
    <ClCompile Include="..\..\External Libraries\imgui\imgui_tables.cpp">
      <Filter>External Lib\IMGUI\96.ImGUI</Filter>
    </ClCompile>
    <ClCompile Include="..\..\External Libraries\imgui\imgui_widgets.cpp">
      <Filter>External Lib\IMGUI\96.ImGUI</Filter>
    </ClCompile>
  </ItemGroup>
  <ItemGroup>
    <Text Include="ReadMe.txt" />
  </ItemGroup>
</Project>