<?xml version="1.0" encoding="utf-8"?>
<Project ToolsVersion="4.0" xmlns="http://schemas.microsoft.com/developer/msbuild/2003">
  <ItemGroup>
    <Filter Include="99.Headers">
      <UniqueIdentifier>{fcace3ae-9159-40b6-9db2-b1157c2c1a8e}</UniqueIdentifier>
    </Filter>
    <Filter Include="98.Default">
      <UniqueIdentifier>{c71aa598-32ef-4232-87ce-4a5d4dad2483}</UniqueIdentifier>
    </Filter>
    <Filter Include="00.MainApp">
      <UniqueIdentifier>{369681bb-6938-407b-bc8d-ba710eb82c23}</UniqueIdentifier>
    </Filter>
    <Filter Include="01.Levels">
      <UniqueIdentifier>{41256f5c-82f1-4be2-a738-7bf24b49e419}</UniqueIdentifier>
    </Filter>
    <Filter Include="01.Levels\Logo">
      <UniqueIdentifier>{a926e41f-b171-4b7c-90c8-605be1a166f7}</UniqueIdentifier>
    </Filter>
    <Filter Include="01.Levels\Loading">
      <UniqueIdentifier>{cd6f1077-a658-4259-ad08-ca7b827e1e50}</UniqueIdentifier>
    </Filter>
    <Filter Include="01.Levels\Loading\Loader">
      <UniqueIdentifier>{a4567c73-3efb-4ce1-a29b-da4945a9cb93}</UniqueIdentifier>
    </Filter>
    <Filter Include="01.Levels\GamePlay">
      <UniqueIdentifier>{efb49076-2627-4a87-abf5-c51f865b5c61}</UniqueIdentifier>
    </Filter>
    <Filter Include="02.GameObjects">
      <UniqueIdentifier>{fc197735-46d5-4551-ad66-96d8601cef85}</UniqueIdentifier>
    </Filter>
    <Filter Include="96. Manager">
      <UniqueIdentifier>{99fd3b07-90c4-47dc-994b-c23ffa0937e5}</UniqueIdentifier>
    </Filter>
    <Filter Include="96. Manager\UI_Manager">
      <UniqueIdentifier>{c0d63515-f904-4d4c-9616-e675b485b353}</UniqueIdentifier>
    </Filter>
    <Filter Include="96. Manager\Item_Manager">
      <UniqueIdentifier>{9801f51e-72c3-4afa-9b48-140af7d04d64}</UniqueIdentifier>
    </Filter>
    <Filter Include="97. Hong_Headers">
      <UniqueIdentifier>{220958d5-1d2e-4240-8dea-f4a0062ced2d}</UniqueIdentifier>
    </Filter>
    <Filter Include="02.GameObjects\00.Player">
      <UniqueIdentifier>{16d06422-a5ba-4e2c-af8a-628d2d2a5dc0}</UniqueIdentifier>
    </Filter>
    <Filter Include="02.GameObjects\01.Monster">
      <UniqueIdentifier>{7e491efc-5d2d-477d-9ef4-87d044fa2728}</UniqueIdentifier>
    </Filter>
    <Filter Include="02.GameObjects\99. Camera">
      <UniqueIdentifier>{ca227791-6c30-46ed-b75c-8604aeaf2b89}</UniqueIdentifier>
    </Filter>
    <Filter Include="02.GameObjects\99. Camera\Free">
      <UniqueIdentifier>{9a579ff3-968b-4937-b82a-dcf470db3132}</UniqueIdentifier>
    </Filter>
    <Filter Include="02.GameObjects\99. Camera\FirstPerson">
      <UniqueIdentifier>{acb5fd34-0af2-4e31-9a34-c2ec83823af0}</UniqueIdentifier>
    </Filter>
    <Filter Include="02.GameObjects\97. UI">
      <UniqueIdentifier>{fba72f13-298e-4fff-a0c9-f7e0f36566ad}</UniqueIdentifier>
    </Filter>
    <Filter Include="02.GameObjects\97. UI\01.Logo_UI">
      <UniqueIdentifier>{85bb928b-017d-4b9f-88f6-6d68fa56d270}</UniqueIdentifier>
    </Filter>
    <Filter Include="02.GameObjects\97. UI\01.Logo_UI\MainMenu">
      <UniqueIdentifier>{48c7a6a5-4806-4406-aa51-e8ac3f749af0}</UniqueIdentifier>
    </Filter>
    <Filter Include="02.GameObjects\97. UI\01.Logo_UI\BackGround">
      <UniqueIdentifier>{cacde4f5-7fc7-406d-9ed5-7a738becec0f}</UniqueIdentifier>
    </Filter>
    <Filter Include="02.GameObjects\98. Terrain">
      <UniqueIdentifier>{9de21c46-a0f5-43b6-8a26-1378d9bcc1aa}</UniqueIdentifier>
    </Filter>
    <Filter Include="02.GameObjects\02. Item">
      <UniqueIdentifier>{7410495c-2ebe-448e-887e-61ab8a3b62b4}</UniqueIdentifier>
    </Filter>
    <Filter Include="999. JsonLoader">
      <UniqueIdentifier>{614ded8b-fb5d-4e85-b052-74b2726d5d07}</UniqueIdentifier>
    </Filter>
    <Filter Include="02.GameObjects\Sky">
      <UniqueIdentifier>{9577e1b8-0648-4258-bdc6-c3a799c174cd}</UniqueIdentifier>
    </Filter>
    <Filter Include="02.GameObjects\96. Structure">
      <UniqueIdentifier>{01a4a485-e43d-48f6-a8ff-d7b89bcf1367}</UniqueIdentifier>
    </Filter>
    <Filter Include="02.GameObjects\01.Monster\Base">
      <UniqueIdentifier>{e893cfbc-4901-452a-82c8-362db3f51317}</UniqueIdentifier>
    </Filter>
    <Filter Include="Inven">
      <UniqueIdentifier>{09a4a540-e0c5-4137-aa67-00aa62d9aff5}</UniqueIdentifier>
    </Filter>
    <Filter Include="01.Levels\Editor">
      <UniqueIdentifier>{45f9bd66-c000-430b-bcc3-934b1428b194}</UniqueIdentifier>
    </Filter>
    <Filter Include="02.GameObjects\Base">
      <UniqueIdentifier>{4e7e5cd3-a7b1-4280-9670-f41b0cd811e3}</UniqueIdentifier>
    </Filter>
    <Filter Include="02.GameObjects\Base\Cube">
      <UniqueIdentifier>{e51546df-4bc3-4eeb-977c-f2d73dd0f618}</UniqueIdentifier>
    </Filter>
    <Filter Include="02.GameObjects\Base\Plane">
      <UniqueIdentifier>{4bda81ff-8a8c-4202-b689-c3a1dada4b14}</UniqueIdentifier>
    </Filter>
    <Filter Include="02.GameObjects\Base\Light">
      <UniqueIdentifier>{96e63922-b56a-4731-8852-a0e60db39308}</UniqueIdentifier>
    </Filter>
    <Filter Include="01.Levels\Test">
      <UniqueIdentifier>{3f541cfd-2ec0-44c5-a6a1-75724949080d}</UniqueIdentifier>
    </Filter>
    <Filter Include="02.GameObjects\03. Effect">
      <UniqueIdentifier>{4afeedf8-41a2-4efd-a88e-bd80cb51356e}</UniqueIdentifier>
    </Filter>
    <Filter Include="02.GameObjects\03. Effect\Weapon_Effect">
      <UniqueIdentifier>{f5025a2e-8e58-4924-8cd2-b4de6fc133c9}</UniqueIdentifier>
    </Filter>
    <Filter Include="02.GameObjects\Base\Sphere">
      <UniqueIdentifier>{4e0e0eef-612c-4974-b164-6c3d9dbca689}</UniqueIdentifier>
    </Filter>
    <Filter Include="02.GameObjects\ParticleSystemTest">
      <UniqueIdentifier>{e03b786e-420b-4bc3-8afc-6174f9e10a61}</UniqueIdentifier>
    </Filter>
    <Filter Include="02.GameObjects\04. Projectile">
      <UniqueIdentifier>{ccd1d59f-607a-4134-a831-666fe16af916}</UniqueIdentifier>
    </Filter>
    <Filter Include="02.GameObjects\04. Projectile\Base">
      <UniqueIdentifier>{69fb4e61-ac52-48ac-b63f-1f0116b5c9fb}</UniqueIdentifier>
    </Filter>
    <Filter Include="02.GameObjects\04. Projectile\Monster">
      <UniqueIdentifier>{28bfa489-507d-412d-a795-602332d9ca91}</UniqueIdentifier>
    </Filter>
    <Filter Include="02.GameObjects\04. Projectile\Player">
      <UniqueIdentifier>{252ce31a-b7e4-4405-be6f-228660436acc}</UniqueIdentifier>
    </Filter>
    <Filter Include="02.GameObjects\04. Projectile\Monster\Harpoon">
      <UniqueIdentifier>{ef6b5376-937b-4951-bcaf-f838c26f9b2c}</UniqueIdentifier>
    </Filter>
    <Filter Include="02.GameObjects\06. Bullet">
      <UniqueIdentifier>{b1e81861-522f-4200-ae5b-24fe47de35c0}</UniqueIdentifier>
    </Filter>
    <Filter Include="02.GameObjects\06. Bullet\Staff_Bullet">
      <UniqueIdentifier>{955e4864-d944-4aa4-be2c-d09b04657345}</UniqueIdentifier>
    </Filter>
    <Filter Include="02.GameObjects\07. Button">
      <UniqueIdentifier>{73274f6f-b41f-4990-b6ff-c4914cad5197}</UniqueIdentifier>
    </Filter>
    <Filter Include="02.GameObjects\07. Button\Logo_Button">
      <UniqueIdentifier>{d3cf93ef-aaf9-4523-8f17-2af6ed80d2fb}</UniqueIdentifier>
    </Filter>
    <Filter Include="02.GameObjects\07. Button\GamePlay">
      <UniqueIdentifier>{3a797ae8-32eb-4d17-9b9d-8c6e82a13066}</UniqueIdentifier>
    </Filter>
    <Filter Include="02.GameObjects\Effect">
      <UniqueIdentifier>{f6d5f84e-7269-4309-9a5f-7c4b2c234cd7}</UniqueIdentifier>
    </Filter>
    <Filter Include="97.ShaderFiles">
      <UniqueIdentifier>{344b97c5-1616-4e8e-8974-bd771f8a83bf}</UniqueIdentifier>
    </Filter>
    <Filter Include="02.GameObjects\97. UI\00.Loading_UI">
      <UniqueIdentifier>{dbaac1b6-4c94-46d3-8a10-834ed5aa515a}</UniqueIdentifier>
    </Filter>
    <Filter Include="02.GameObjects\97. UI\02.GamePlay_UI">
      <UniqueIdentifier>{61f44fee-ddaf-48f8-9cf7-83daba36bb2b}</UniqueIdentifier>
    </Filter>
    <Filter Include="02.GameObjects\97. UI\02.GamePlay_UI\00.UI_PANEL">
      <UniqueIdentifier>{4958d50b-b755-405e-b20a-ea4c99da56d3}</UniqueIdentifier>
    </Filter>
    <Filter Include="02.GameObjects\97. UI\02.GamePlay_UI\04.UI_MENU">
      <UniqueIdentifier>{d5070475-8403-4ebf-9ecb-4b46d5e0e6a3}</UniqueIdentifier>
    </Filter>
    <Filter Include="02.GameObjects\97. UI\99. Player_UI">
      <UniqueIdentifier>{5ee92552-ce15-4a68-9c76-e2163edb686f}</UniqueIdentifier>
    </Filter>
    <Filter Include="02.GameObjects\97. UI\99. Player_UI\01.UI_Left_Display">
      <UniqueIdentifier>{85069806-8b3e-4ea4-bf67-ffdc00a1782c}</UniqueIdentifier>
    </Filter>
    <Filter Include="02.GameObjects\97. UI\99. Player_UI\01.UI_Left_Display\00.HP">
      <UniqueIdentifier>{62b300fc-eaa1-4a17-956c-4a687b592630}</UniqueIdentifier>
    </Filter>
    <Filter Include="02.GameObjects\97. UI\99. Player_UI\01.UI_Left_Display\01.MP">
      <UniqueIdentifier>{22ef7993-c622-41ab-a771-c7c40a0eef04}</UniqueIdentifier>
    </Filter>
    <Filter Include="02.GameObjects\97. UI\99. Player_UI\01.UI_Left_Display\02.PlayerIcon">
      <UniqueIdentifier>{b562e461-59c9-4b73-a134-d8b070ac52bd}</UniqueIdentifier>
    </Filter>
    <Filter Include="02.GameObjects\97. UI\99. Player_UI\01.UI_Left_Display\03.Key">
      <UniqueIdentifier>{0141b836-8067-408c-812f-01969b88986a}</UniqueIdentifier>
    </Filter>
    <Filter Include="02.GameObjects\97. UI\99. Player_UI\02.UI_Right_Display">
      <UniqueIdentifier>{723d41c7-59ff-4948-bc41-432f46d3483d}</UniqueIdentifier>
    </Filter>
    <Filter Include="02.GameObjects\97. UI\99. Player_UI\02.UI_Right_Display\Bullet">
      <UniqueIdentifier>{3092ab4c-01b9-4ffc-952f-2ee449a62a90}</UniqueIdentifier>
    </Filter>
    <Filter Include="02.GameObjects\97. UI\99. Player_UI\03.UI_Mid_Display">
      <UniqueIdentifier>{bb0e3c4f-4e51-466e-8d12-e28d82ca22cd}</UniqueIdentifier>
    </Filter>
    <Filter Include="02.GameObjects\97. UI\99. Player_UI\03.UI_Mid_Display\Exp_Bar">
      <UniqueIdentifier>{460ac096-fb49-4033-97f0-46923468ccad}</UniqueIdentifier>
    </Filter>
    <Filter Include="02.GameObjects\05. Hub">
      <UniqueIdentifier>{84d12add-d9e5-444d-98fb-b954035fc18d}</UniqueIdentifier>
    </Filter>
    <Filter Include="02.GameObjects\ParticleSystemTest\GameObject_Projectile">
      <UniqueIdentifier>{4b83ef07-387f-447c-ab07-c77551e73154}</UniqueIdentifier>
    </Filter>
    <Filter Include="96. Manager\Image_Manager">
      <UniqueIdentifier>{d2a4f6ad-e6af-455b-9243-da94c66cec2d}</UniqueIdentifier>
    </Filter>
    <Filter Include="02.GameObjects\Image">
      <UniqueIdentifier>{2097ee27-2406-4913-91b0-478a0d20ac5b}</UniqueIdentifier>
    </Filter>
    <Filter Include="95. Design">
      <UniqueIdentifier>{8b4fde5c-1b52-47bc-803e-5b1714c72707}</UniqueIdentifier>
    </Filter>
    <Filter Include="02.GameObjects\00_1. Inven">
      <UniqueIdentifier>{09a4a540-e0c5-4137-aa67-00aa62d9aff5}</UniqueIdentifier>
    </Filter>
    <Filter Include="02.GameObjects\00_2. Weapon">
      <UniqueIdentifier>{bda00311-2010-4dc6-8616-fcc7b7160629}</UniqueIdentifier>
    </Filter>
    <Filter Include="02.GameObjects\00_2. Weapon\01. Ranged Weapon">
      <UniqueIdentifier>{a9a24ab7-d725-4005-8267-1082b25924f1}</UniqueIdentifier>
    </Filter>
    <Filter Include="02.GameObjects\00_2. Weapon\01. Ranged Weapon\02. ShotGun">
      <UniqueIdentifier>{dea0738d-5efd-4630-ae1d-08d9f2475b32}</UniqueIdentifier>
    </Filter>
    <Filter Include="02.GameObjects\00_2. Weapon\01. Ranged Weapon\03.Magnum">
      <UniqueIdentifier>{edac6ec4-ed4d-4c48-94f8-4b6401d2ccd6}</UniqueIdentifier>
    </Filter>
    <Filter Include="02.GameObjects\00_2. Weapon\01. Ranged Weapon\04. Staff">
      <UniqueIdentifier>{b9c28634-f146-4ad6-b9f9-b3e851bd7479}</UniqueIdentifier>
    </Filter>
    <Filter Include="02.GameObjects\00_2. Weapon\01. Ranged Weapon\05. Minigun">
      <UniqueIdentifier>{d34744ae-ce31-4cda-9e05-8912dece91d9}</UniqueIdentifier>
    </Filter>
    <Filter Include="02.GameObjects\00_2. Weapon\01. Ranged Weapon\06. Harvester">
      <UniqueIdentifier>{c9096f68-e747-41a9-92df-d206c62306d1}</UniqueIdentifier>
    </Filter>
    <Filter Include="02.GameObjects\00_2. Weapon\01. Ranged Weapon\07. Sonic">
      <UniqueIdentifier>{7ab84fed-b442-4374-9c6a-80505151f63b}</UniqueIdentifier>
    </Filter>
    <Filter Include="02.GameObjects\00_2. Weapon\00. MeleeWeapon">
      <UniqueIdentifier>{a63de5a8-d560-430e-8184-13e297b85853}</UniqueIdentifier>
    </Filter>
    <Filter Include="02.GameObjects\00_2. Weapon\00. MeleeWeapon\01. Axe">
      <UniqueIdentifier>{e0b0c9df-54bc-4bb2-9161-7e8e26a783b0}</UniqueIdentifier>
    </Filter>
    <Filter Include="02.GameObjects\00_2. Weapon\00. MeleeWeapon\00. Claymore">
      <UniqueIdentifier>{f23db6f8-636e-4d2c-8a87-bd2a2e55fd15}</UniqueIdentifier>
    </Filter>
    <Filter Include="02.GameObjects\00_2. Weapon\Weapon_Base">
      <UniqueIdentifier>{bb213674-67d3-4261-9ba1-5b4500644739}</UniqueIdentifier>
    </Filter>
    <Filter Include="02.GameObjects\00_2. Weapon\Weapon_Base\Ranged">
      <UniqueIdentifier>{8670e8d0-3b90-4a0d-bc81-097a7947b485}</UniqueIdentifier>
    </Filter>
    <Filter Include="02.GameObjects\96. Structure\Trigger">
      <UniqueIdentifier>{14292f27-5403-4152-96f3-0b1e69ea51bc}</UniqueIdentifier>
    </Filter>
    <Filter Include="02.GameObjects\05. Hub\01. Hub_UI">
      <UniqueIdentifier>{cdae7bea-fcbc-40ab-a353-021d65619c4c}</UniqueIdentifier>
    </Filter>
    <Filter Include="02.GameObjects\05. Hub\01. Hub_UI\Shop">
      <UniqueIdentifier>{f79b118d-efa7-4d1e-ad82-6acff73a9e94}</UniqueIdentifier>
    </Filter>
    <Filter Include="02.GameObjects\05. Hub\01. Hub_UI\Shop\Point_Shop_UI">
      <UniqueIdentifier>{9cfdb4bb-54c7-40db-b9c7-d970f0e43056}</UniqueIdentifier>
    </Filter>
    <Filter Include="02.GameObjects\05. Hub\01. Hub_UI\Shop\Spell_Shop_UI">
      <UniqueIdentifier>{2f9e9709-fb90-48ce-92b9-13633bdd18a0}</UniqueIdentifier>
    </Filter>
    <Filter Include="02.GameObjects\05. Hub\01. Hub_UI\Shop\Weapon_Shop_UI">
      <UniqueIdentifier>{9d47c3ef-ed31-447b-80ee-301a6688fd5f}</UniqueIdentifier>
    </Filter>
    <Filter Include="02.GameObjects\05. Hub\01. Hub_UI\Episode">
      <UniqueIdentifier>{326d15df-e4b1-4ab8-b3f4-1117a9526562}</UniqueIdentifier>
    </Filter>
    <Filter Include="02.GameObjects\05. Hub\00. Hub_Object">
      <UniqueIdentifier>{bc235af0-f299-476b-b69d-a80047dec19c}</UniqueIdentifier>
    </Filter>
    <Filter Include="02.GameObjects\05. Hub\00. Hub_Object\SpellShop">
      <UniqueIdentifier>{4913c149-b9e3-4b0f-a9ea-27962e97e333}</UniqueIdentifier>
    </Filter>
    <Filter Include="02.GameObjects\05. Hub\00. Hub_Object\PointShop">
      <UniqueIdentifier>{d3df9fbf-2acb-463d-a176-82e2a317a6d4}</UniqueIdentifier>
    </Filter>
    <Filter Include="02.GameObjects\05. Hub\00. Hub_Object\WeaponShop">
      <UniqueIdentifier>{e192228e-8f55-4bbd-89fd-60fb590f61da}</UniqueIdentifier>
    </Filter>
    <Filter Include="02.GameObjects\05. Hub\00. Hub_Object\Episode">
      <UniqueIdentifier>{e73c9cba-1f0d-4d0c-b8e2-58573837af75}</UniqueIdentifier>
    </Filter>
    <Filter Include="02.GameObjects\05. Hub\00. Hub_Object\Portal">
      <UniqueIdentifier>{ef947528-16d2-4fb9-b568-e7cbfddb7c99}</UniqueIdentifier>
    </Filter>
    <Filter Include="02.GameObjects\96. Structure\Door">
      <UniqueIdentifier>{84c38e30-77c8-4fc7-8179-86152f141ab9}</UniqueIdentifier>
    </Filter>
    <Filter Include="02.GameObjects\00_2. Weapon\Weapon_Base\Melee">
      <UniqueIdentifier>{7a57b8c7-c3d7-4e13-a64b-5a26341a0d7a}</UniqueIdentifier>
    </Filter>
    <Filter Include="02.GameObjects\03. Effect\Blood_Effect">
      <UniqueIdentifier>{a5b91c4b-4dc7-4d8d-b66a-e4029d6c5abf}</UniqueIdentifier>
    </Filter>
    <Filter Include="02.GameObjects\97. UI\98. Event_UI">
      <UniqueIdentifier>{5b94c9c3-01fd-4bdf-8ac4-2489ea4ff91d}</UniqueIdentifier>
    </Filter>
    <Filter Include="01.Levels\Hub">
      <UniqueIdentifier>{573b79d6-4ecb-46b7-9aa9-d3a8176ff281}</UniqueIdentifier>
    </Filter>
    <Filter Include="02.GameObjects\96. Structure\Manager">
      <UniqueIdentifier>{2a86182f-27fa-443c-9739-68eb3d3e1b77}</UniqueIdentifier>
    </Filter>
    <Filter Include="02.GameObjects\95. MiniMap">
      <UniqueIdentifier>{bc3a91b7-869c-4c01-ad12-4606379fb6ca}</UniqueIdentifier>
    </Filter>
    <Filter Include="02.GameObjects\03. Effect\BulletHit_Effect">
      <UniqueIdentifier>{c3c6e2eb-a32e-49bd-ab05-1e52bdcb8d29}</UniqueIdentifier>
    </Filter>
    <Filter Include="02.GameObjects\JW_Boss">
      <UniqueIdentifier>{f17f07ff-3427-4d12-87d7-35ad7cc58c39}</UniqueIdentifier>
    </Filter>
    <Filter Include="02.GameObjects\JW_Boss\Node">
      <UniqueIdentifier>{3ef36980-e865-44b9-b329-b87404afb115}</UniqueIdentifier>
    </Filter>
    <Filter Include="02.GameObjects\01.Monster\normal">
      <UniqueIdentifier>{ea8a0889-7989-443d-8892-efbf4a3f5719}</UniqueIdentifier>
    </Filter>
    <Filter Include="02.GameObjects\01.Monster\normal\Anubis">
      <UniqueIdentifier>{54719e9f-0839-471c-a96f-16d435f626d8}</UniqueIdentifier>
    </Filter>
    <Filter Include="02.GameObjects\01.Monster\normal\Crocman">
      <UniqueIdentifier>{5c9378ca-7b4e-42e2-9c6b-523b5aa3ec88}</UniqueIdentifier>
    </Filter>
    <Filter Include="02.GameObjects\01.Monster\normal\Harpoonguy">
      <UniqueIdentifier>{0d132fd3-9009-4ee7-be71-25807adcb069}</UniqueIdentifier>
    </Filter>
    <Filter Include="02.GameObjects\01.Monster\normal\Yeti">
      <UniqueIdentifier>{3b6d0f33-319a-4e35-9986-f0b6ce0175be}</UniqueIdentifier>
    </Filter>
    <Filter Include="02.GameObjects\01.Monster\Base">
      <UniqueIdentifier>{e893cfbc-4901-452a-82c8-362db3f51317}</UniqueIdentifier>
    </Filter>
    <Filter Include="02.GameObjects\01.Monster\normal\Snowspider">
      <UniqueIdentifier>{6d7eec96-9ae1-44dd-bb7f-3c074c62d2e9}</UniqueIdentifier>
    </Filter>
    <Filter Include="02.GameObjects\01.Monster\normal\Glacier">
      <UniqueIdentifier>{d6c61556-dcd3-4078-849c-a3e03df9b130}</UniqueIdentifier>
    </Filter>
    <Filter Include="02.GameObjects\04. Projectile\Monster\GlacierBullet">
      <UniqueIdentifier>{6c7faba0-4663-4fe7-b403-71c22cf0e524}</UniqueIdentifier>
    </Filter>
    <Filter Include="02.GameObjects\Prefabs">
      <UniqueIdentifier>{1656e8b7-2cf7-472a-985a-9ae77722a495}</UniqueIdentifier>
    </Filter>
    <Filter Include="02.GameObjects\Prefabs\Torch">
      <UniqueIdentifier>{9ae03cb0-b5f4-4e40-9de2-d073b8557fcf}</UniqueIdentifier>
    </Filter>
    <Filter Include="02.GameObjects\Prefabs\Candles">
      <UniqueIdentifier>{24f26e6a-53b1-48c4-9c36-b2ce99d6eda8}</UniqueIdentifier>
    </Filter>
    <Filter Include="02.GameObjects\Prefabs\Long_Torch">
      <UniqueIdentifier>{23a6045c-871e-47ed-80f3-b9190ac4e8ad}</UniqueIdentifier>
    </Filter>
    <Filter Include="02.GameObjects\ParticleSystemTest\GameObject_Snow">
      <UniqueIdentifier>{1b7f68b1-bc56-48e5-9bcd-232af2117af5}</UniqueIdentifier>
    </Filter>
    <Filter Include="01.Levels\Hong">
      <UniqueIdentifier>{b4c2fce2-a84b-4ad4-968e-747857cf3ed0}</UniqueIdentifier>
    </Filter>
    <Filter Include="02.GameObjects\01.Monster\Boss">
      <UniqueIdentifier>{196ec3a9-0a99-46ad-a88b-f63300890c41}</UniqueIdentifier>
    </Filter>
    <Filter Include="02.GameObjects\DW_Boss">
      <UniqueIdentifier>{b09e795c-4b32-49ac-a691-8cdd289e4a36}</UniqueIdentifier>
    </Filter>
    <Filter Include="01.Levels\Boss">
      <UniqueIdentifier>{a3e2d9e5-1068-4558-8f7d-ffced34f2efb}</UniqueIdentifier>
    </Filter>
    <Filter Include="02.GameObjects\04. Projectile\Monster\Cthulhu">
      <UniqueIdentifier>{e176926e-70a4-4db1-b97f-bf786ae2de26}</UniqueIdentifier>
    </Filter>
    <Filter Include="02.GameObjects\DW_Boss\00.HellBoss">
      <UniqueIdentifier>{3a2a7afc-61be-4048-9e1c-9fdcdef85543}</UniqueIdentifier>
    </Filter>
    <Filter Include="02.GameObjects\DW_Boss\01.HellBoss_State">
      <UniqueIdentifier>{a0649530-afd8-4029-a844-764732747d2f}</UniqueIdentifier>
    </Filter>
    <Filter Include="02.GameObjects\DW_Boss\01.HellBoss_State\00. IdleState">
      <UniqueIdentifier>{7e073fc2-6b26-41d1-9d51-b208ff136fa3}</UniqueIdentifier>
    </Filter>
    <Filter Include="02.GameObjects\DW_Boss\01.HellBoss_State\02. AttackState">
      <UniqueIdentifier>{f7b56509-69c1-4e0d-96a3-2f1fb436e61d}</UniqueIdentifier>
    </Filter>
    <Filter Include="02.GameObjects\DW_Boss\01.HellBoss_State\03. MorphState">
      <UniqueIdentifier>{d276f531-52bd-44ac-b4d6-adf9ca28ae16}</UniqueIdentifier>
    </Filter>
    <Filter Include="02.GameObjects\DW_Boss\01.HellBoss_State\01. WalkState">
      <UniqueIdentifier>{061822cf-6828-43e9-8876-b34ac7079424}</UniqueIdentifier>
    </Filter>
    <Filter Include="02.GameObjects\DW_Boss\01.HellBoss_State\04. DeadState">
      <UniqueIdentifier>{455125b4-ca2e-4549-a3a9-9b4f9df52bb3}</UniqueIdentifier>
    </Filter>
    <Filter Include="02.GameObjects\DW_Boss\99.Animation">
      <UniqueIdentifier>{fc16e1c7-8d25-46a5-854d-4e98e7e743b2}</UniqueIdentifier>
    </Filter>
    <Filter Include="02.GameObjects\DW_Boss\02.HellBoss_Pattern">
      <UniqueIdentifier>{ab147b91-e122-456a-b4a9-dade0fb61eea}</UniqueIdentifier>
    </Filter>
    <Filter Include="02.GameObjects\DW_Boss\02.HellBoss_Pattern\Attack">
      <UniqueIdentifier>{cd0f6199-48e1-45f8-808f-5f1372658788}</UniqueIdentifier>
    </Filter>
    <Filter Include="02.GameObjects\DW_Boss\02.HellBoss_Pattern\Attack\Pattern_EyeBlast">
      <UniqueIdentifier>{c54c96a8-f22e-4c9c-93bd-5f1e01437e64}</UniqueIdentifier>
    </Filter>
    <Filter Include="02.GameObjects\DW_Boss\02.HellBoss_Pattern\Attack\Pattern_Shoot">
      <UniqueIdentifier>{de047c50-c0fa-49b1-ace0-d5e74c3cf60c}</UniqueIdentifier>
    </Filter>
    <Filter Include="02.GameObjects\DW_Boss\02.HellBoss_Pattern\Attack\Patter_Morph">
      <UniqueIdentifier>{ff0a5622-470a-4d92-ba5c-8ee17d1eaa65}</UniqueIdentifier>
    </Filter>
    <Filter Include="02.GameObjects\DW_Boss\03.HellBoss_Bullet">
      <UniqueIdentifier>{87f6994b-a83a-4922-932c-d9c5dbaf87c5}</UniqueIdentifier>
    </Filter>
    <Filter Include="02.GameObjects\Prefabs\Lamp">
      <UniqueIdentifier>{57857015-cab8-4693-ad22-3510ed76c19e}</UniqueIdentifier>
    </Filter>
    <Filter Include="02.GameObjects\Prefabs\Goblet">
      <UniqueIdentifier>{eade0a33-f95d-4e75-9879-689378e891f5}</UniqueIdentifier>
    </Filter>
    <Filter Include="02.GameObjects\97. UI\04. Cursor">
      <UniqueIdentifier>{d88d4f68-09f0-45c5-87c7-4c0300b651ca}</UniqueIdentifier>
    </Filter>
    <Filter Include="02.GameObjects\Prefabs\Hub_Light">
      <UniqueIdentifier>{78d09b1c-0e6d-4365-b4e5-6aa88ced3b5f}</UniqueIdentifier>
    </Filter>
    <Filter Include="02.GameObjects\97. UI\02.GamePlay_UI\99. Player Hit Effect UI">
      <UniqueIdentifier>{4e089300-224f-4de9-8196-16511e409ae8}</UniqueIdentifier>
    </Filter>
  </ItemGroup>
  <ItemGroup>
    <ClInclude Include="Client.h">
      <Filter>98.Default</Filter>
    </ClInclude>
    <ClInclude Include="framework.h">
      <Filter>98.Default</Filter>
    </ClInclude>
    <ClInclude Include="Resource.h">
      <Filter>98.Default</Filter>
    </ClInclude>
    <ClInclude Include="targetver.h">
      <Filter>98.Default</Filter>
    </ClInclude>
    <ClInclude Include="MainApp.h">
      <Filter>00.MainApp</Filter>
    </ClInclude>
    <ClInclude Include="..\public\Client_Defines.h">
      <Filter>99.Headers</Filter>
    </ClInclude>
    <ClInclude Include="..\public\Client_Enum.h">
      <Filter>99.Headers</Filter>
    </ClInclude>
    <ClInclude Include="..\public\Terrain.h">
      <Filter>02.GameObjects\98. Terrain</Filter>
    </ClInclude>
    <ClInclude Include="..\public\Loader.h">
      <Filter>01.Levels\Loading\Loader</Filter>
    </ClInclude>
    <ClInclude Include="..\public\Level_Logo.h">
      <Filter>01.Levels\Logo</Filter>
    </ClInclude>
    <ClInclude Include="..\public\Level_Loading.h">
      <Filter>01.Levels\Loading</Filter>
    </ClInclude>
    <ClInclude Include="..\public\Level_GamePlay.h">
      <Filter>01.Levels\GamePlay</Filter>
    </ClInclude>
    <ClInclude Include="..\public\UI_Manager.h">
      <Filter>96. Manager\UI_Manager</Filter>
    </ClInclude>
    <ClInclude Include="..\public\UI_Left_Display.h">
      <Filter>02.GameObjects\97. UI\99. Player_UI\01.UI_Left_Display</Filter>
    </ClInclude>
    <ClInclude Include="..\public\UI_Right_Display.h">
      <Filter>02.GameObjects\97. UI\99. Player_UI\02.UI_Right_Display</Filter>
    </ClInclude>
    <ClInclude Include="..\public\UI_Menu.h">
      <Filter>02.GameObjects\97. UI\02.GamePlay_UI\04.UI_MENU</Filter>
    </ClInclude>
    <ClInclude Include="..\public\UI_Mid_Display.h">
      <Filter>02.GameObjects\97. UI\99. Player_UI\03.UI_Mid_Display</Filter>
    </ClInclude>
    <ClInclude Include="..\public\UI_Default_Panel.h">
      <Filter>02.GameObjects\97. UI\02.GamePlay_UI\00.UI_PANEL</Filter>
    </ClInclude>
    <ClInclude Include="..\Public\Loading_UI.h">
      <Filter>02.GameObjects\97. UI\00.Loading_UI</Filter>
    </ClInclude>
    <ClInclude Include="..\public\Camera_Free.h">
      <Filter>02.GameObjects\99. Camera\Free</Filter>
    </ClInclude>
    <ClInclude Include="..\public\UI_Base.h">
      <Filter>02.GameObjects\97. UI</Filter>
    </ClInclude>
    <ClInclude Include="..\Public\UI_HP_Bar.h">
      <Filter>02.GameObjects\97. UI\99. Player_UI\01.UI_Left_Display\00.HP</Filter>
    </ClInclude>
    <ClInclude Include="..\Public\UI_Bullet_Bar.h">
      <Filter>02.GameObjects\97. UI\99. Player_UI\02.UI_Right_Display\Bullet</Filter>
    </ClInclude>
    <ClInclude Include="..\public\UI_Player_Icon.h">
      <Filter>02.GameObjects\97. UI\99. Player_UI\01.UI_Left_Display\02.PlayerIcon</Filter>
    </ClInclude>
    <ClInclude Include="..\Public\UI_MP_Bar.h">
      <Filter>02.GameObjects\97. UI\99. Player_UI\01.UI_Left_Display\01.MP</Filter>
    </ClInclude>
    <ClInclude Include="..\Public\UI_Spell_Shop.h">
      <Filter>02.GameObjects\05. Hub\01. Hub_UI\Shop\Spell_Shop_UI</Filter>
    </ClInclude>
    <ClInclude Include="..\public\UI_Headers.h">
      <Filter>97. Hong_Headers</Filter>
    </ClInclude>
    <ClInclude Include="..\public\BackGround.h">
      <Filter>02.GameObjects\97. UI\01.Logo_UI\BackGround</Filter>
    </ClInclude>
    <ClInclude Include="..\public\Logo_Button.h">
      <Filter>02.GameObjects\07. Button\Logo_Button</Filter>
    </ClInclude>
    <ClInclude Include="..\public\GamePlay_Button.h">
      <Filter>02.GameObjects\07. Button\GamePlay</Filter>
    </ClInclude>
    <ClInclude Include="..\public\UI_Structs.h">
      <Filter>97. Hong_Headers</Filter>
    </ClInclude>
    <ClInclude Include="..\Public\Camera_FirstPerson.h">
      <Filter>02.GameObjects\99. Camera\FirstPerson</Filter>
    </ClInclude>
    <ClInclude Include="..\public\Structure.h">
      <Filter>02.GameObjects\96. Structure</Filter>
    </ClInclude>
    <ClInclude Include="..\public\Default_Menu.h">
      <Filter>02.GameObjects\97. UI\01.Logo_UI\MainMenu</Filter>
    </ClInclude>
    <ClInclude Include="..\public\UI_Enum.h">
      <Filter>97. Hong_Headers</Filter>
    </ClInclude>
    <ClInclude Include="..\public\Weapon_Headers.h">
      <Filter>97. Hong_Headers</Filter>
    </ClInclude>
    <ClInclude Include="..\public\Claymore.h">
      <Filter>02.GameObjects\00_2. Weapon\00. MeleeWeapon\00. Claymore</Filter>
    </ClInclude>
    <ClInclude Include="..\public\Magnum.h">
      <Filter>02.GameObjects\00_2. Weapon\01. Ranged Weapon\03.Magnum</Filter>
    </ClInclude>
    <ClInclude Include="..\public\JsonLoader.h">
      <Filter>999. JsonLoader</Filter>
    </ClInclude>
    <ClInclude Include="..\public\Sky.h">
      <Filter>02.GameObjects\Sky</Filter>
    </ClInclude>
    <ClInclude Include="..\public\Axe.h">
      <Filter>02.GameObjects\00_2. Weapon\00. MeleeWeapon\01. Axe</Filter>
    </ClInclude>
    <ClInclude Include="..\public\ShotGun.h">
      <Filter>02.GameObjects\00_2. Weapon\01. Ranged Weapon\02. ShotGun</Filter>
    </ClInclude>
    <ClInclude Include="..\public\Inventory.h">
      <Filter>02.GameObjects\00_1. Inven</Filter>
    </ClInclude>
    <ClInclude Include="..\Public\Monster_Base.h">
      <Filter>02.GameObjects\01.Monster\Base</Filter>
    </ClInclude>
    <ClInclude Include="..\public\Anubis.h">
      <Filter>02.GameObjects\01.Monster\normal\Anubis</Filter>
    </ClInclude>
    <ClInclude Include="..\public\Level_Editor.h">
      <Filter>01.Levels\Editor</Filter>
    </ClInclude>
    <ClInclude Include="..\public\MyImGui.h">
      <Filter>999. JsonLoader</Filter>
    </ClInclude>
    <ClInclude Include="..\Public\Item_Manager.h">
      <Filter>96. Manager\Item_Manager</Filter>
    </ClInclude>
    <ClInclude Include="..\public\Crocman.h">
      <Filter>02.GameObjects\01.Monster\normal\Crocman</Filter>
    </ClInclude>
    <ClInclude Include="..\public\GameObject_Cube.h">
      <Filter>02.GameObjects\Base\Cube</Filter>
    </ClInclude>
    <ClInclude Include="..\public\GameObject_Plane.h">
      <Filter>02.GameObjects\Base\Plane</Filter>
    </ClInclude>
    <ClInclude Include="..\public\GameObject_Light.h">
      <Filter>02.GameObjects\Base\Light</Filter>
    </ClInclude>
    <ClInclude Include="..\public\Staff.h">
      <Filter>02.GameObjects\00_2. Weapon\01. Ranged Weapon\04. Staff</Filter>
    </ClInclude>
    <ClInclude Include="..\public\Level_Test.h">
      <Filter>01.Levels\Test</Filter>
    </ClInclude>
    <ClInclude Include="..\public\Harvester.h">
      <Filter>02.GameObjects\00_2. Weapon\01. Ranged Weapon\06. Harvester</Filter>
    </ClInclude>
    <ClInclude Include="..\public\Minigun.h">
      <Filter>02.GameObjects\00_2. Weapon\01. Ranged Weapon\05. Minigun</Filter>
    </ClInclude>
    <ClInclude Include="..\public\Sonic.h">
      <Filter>02.GameObjects\00_2. Weapon\01. Ranged Weapon\07. Sonic</Filter>
    </ClInclude>
    <ClInclude Include="..\Public\Weapon_Effect.h">
      <Filter>02.GameObjects\03. Effect\Weapon_Effect</Filter>
    </ClInclude>
    <ClInclude Include="..\Public\Effect_Base.h">
      <Filter>02.GameObjects\03. Effect</Filter>
    </ClInclude>
    <ClInclude Include="..\Public\Staff_Bullet.h">
      <Filter>02.GameObjects\06. Bullet\Staff_Bullet</Filter>
    </ClInclude>
    <ClInclude Include="..\public\GameObject_Sphere.h">
      <Filter>02.GameObjects\Base\Sphere</Filter>
    </ClInclude>
    <ClInclude Include="..\public\GameObjects_Base.h">
      <Filter>02.GameObjects\Base</Filter>
    </ClInclude>
    <ClInclude Include="..\public\GameObject_Particle_Test.h">
      <Filter>02.GameObjects\ParticleSystemTest</Filter>
    </ClInclude>
    <ClInclude Include="..\public\Particles.h">
      <Filter>02.GameObjects\ParticleSystemTest</Filter>
    </ClInclude>
    <ClInclude Include="..\public\GameObject_Particle_Firework.h">
      <Filter>02.GameObjects\ParticleSystemTest</Filter>
    </ClInclude>
    <ClInclude Include="..\public\Projectile_Base.h">
      <Filter>02.GameObjects\04. Projectile\Base</Filter>
    </ClInclude>
    <ClInclude Include="..\public\Harpoon.h">
      <Filter>02.GameObjects\04. Projectile\Monster\Harpoon</Filter>
    </ClInclude>
    <ClInclude Include="..\Public\UI_Exp_Bar.h">
      <Filter>02.GameObjects\97. UI\99. Player_UI\03.UI_Mid_Display\Exp_Bar</Filter>
    </ClInclude>
    <ClInclude Include="..\Public\UI_Point_Shop.h">
      <Filter>02.GameObjects\05. Hub\01. Hub_UI\Shop\Point_Shop_UI</Filter>
    </ClInclude>
    <ClInclude Include="..\Public\UI_WeaponShop_UI.h">
      <Filter>02.GameObjects\05. Hub\01. Hub_UI\Shop\Weapon_Shop_UI</Filter>
    </ClInclude>
    <ClInclude Include="..\public\Effect.h">
      <Filter>02.GameObjects\Effect</Filter>
    </ClInclude>
    <ClInclude Include="..\public\Item.h">
      <Filter>02.GameObjects\02. Item</Filter>
    </ClInclude>
    <ClInclude Include="..\public\Shop.h">
      <Filter>02.GameObjects\05. Hub\00. Hub_Object</Filter>
    </ClInclude>
    <ClInclude Include="..\Public\UI_Shop_Base.h">
      <Filter>02.GameObjects\05. Hub\01. Hub_UI\Shop</Filter>
    </ClInclude>
    <ClInclude Include="..\public\UI_Episode_Hub.h">
      <Filter>02.GameObjects\05. Hub\01. Hub_UI\Episode</Filter>
    </ClInclude>
    <ClInclude Include="..\public\GameObject_Projectile_Test.h">
      <Filter>02.GameObjects\ParticleSystemTest\GameObject_Projectile</Filter>
    </ClInclude>
    <ClInclude Include="..\Public\Bullet_Base.h">
      <Filter>02.GameObjects\06. Bullet</Filter>
    </ClInclude>
    <ClInclude Include="..\public\Image_Manager.h">
      <Filter>96. Manager\Image_Manager</Filter>
    </ClInclude>
    <ClInclude Include="..\public\Image.h">
      <Filter>02.GameObjects\Image</Filter>
    </ClInclude>
    <ClInclude Include="..\public\Weapon_Base.h">
      <Filter>02.GameObjects\00_2. Weapon\Weapon_Base</Filter>
    </ClInclude>
    <ClInclude Include="..\public\Melee_Weapon.h">
      <Filter>02.GameObjects\00_2. Weapon\Weapon_Base\Melee</Filter>
    </ClInclude>
    <ClInclude Include="..\public\Ranged_Weapon.h">
      <Filter>02.GameObjects\00_2. Weapon\Weapon_Base\Ranged</Filter>
    </ClInclude>
    <ClInclude Include="..\Public\Observer.h">
      <Filter>95. Design</Filter>
    </ClInclude>
    <ClInclude Include="..\public\Trigger.h">
      <Filter>02.GameObjects\96. Structure\Trigger</Filter>
    </ClInclude>
    <ClInclude Include="..\public\Door.h">
      <Filter>02.GameObjects\96. Structure\Door</Filter>
    </ClInclude>
    <ClInclude Include="..\public\Blood_Effect.h">
      <Filter>02.GameObjects\03. Effect\Blood_Effect</Filter>
    </ClInclude>
    <ClInclude Include="..\public\Hub_Episode.h">
      <Filter>02.GameObjects\05. Hub\00. Hub_Object\Episode</Filter>
    </ClInclude>
    <ClInclude Include="..\public\Hub_PointShop.h">
      <Filter>02.GameObjects\05. Hub\00. Hub_Object\PointShop</Filter>
    </ClInclude>
    <ClInclude Include="..\public\Hub_Portal.h">
      <Filter>02.GameObjects\05. Hub\00. Hub_Object\Portal</Filter>
    </ClInclude>
    <ClInclude Include="..\public\Hub_SpellShop.h">
      <Filter>02.GameObjects\05. Hub\00. Hub_Object\SpellShop</Filter>
    </ClInclude>
    <ClInclude Include="..\public\Hub_WeaponShop.h">
      <Filter>02.GameObjects\05. Hub\00. Hub_Object\WeaponShop</Filter>
    </ClInclude>
    <ClInclude Include="..\public\Player.h">
      <Filter>02.GameObjects\00.Player</Filter>
    </ClInclude>
    <ClInclude Include="..\Public\UI_Event.h">
      <Filter>02.GameObjects\97. UI\98. Event_UI</Filter>
    </ClInclude>
    <ClInclude Include="..\public\Level_Hub.h">
      <Filter>01.Levels\Hub</Filter>
    </ClInclude>
    <ClInclude Include="..\public\StructureManager.h">
      <Filter>02.GameObjects\96. Structure\Manager</Filter>
    </ClInclude>
    <ClInclude Include="..\public\MiniMap.h">
      <Filter>02.GameObjects\95. MiniMap</Filter>
    </ClInclude>
    <ClInclude Include="..\public\Hit_Effect.h">
      <Filter>02.GameObjects\03. Effect\BulletHit_Effect</Filter>
    </ClInclude>
    <ClInclude Include="..\public\Effects.h">
      <Filter>02.GameObjects\03. Effect</Filter>
    </ClInclude>
    <ClInclude Include="..\public\Cthulhu.h">
      <Filter>02.GameObjects\JW_Boss</Filter>
    </ClInclude>
    <ClInclude Include="..\public\Hub_Headers.h">
      <Filter>97. Hong_Headers</Filter>
    </ClInclude>
    <ClInclude Include="..\public\Yeti.h">
      <Filter>02.GameObjects\01.Monster\normal\Yeti</Filter>
    </ClInclude>
    <ClInclude Include="..\public\Harpoonguy.h">
      <Filter>02.GameObjects\01.Monster\normal\Harpoonguy</Filter>
    </ClInclude>
    <ClInclude Include="..\public\Snowspider.h">
      <Filter>02.GameObjects\01.Monster\normal\Snowspider</Filter>
    </ClInclude>
    <ClInclude Include="..\public\Glacier.h">
      <Filter>02.GameObjects\01.Monster\normal\Glacier</Filter>
    </ClInclude>
    <ClInclude Include="..\public\GlacierBullet.h">
      <Filter>02.GameObjects\04. Projectile\Monster\GlacierBullet</Filter>
    </ClInclude>
    <ClInclude Include="..\public\Torch.h">
      <Filter>02.GameObjects\Prefabs\Torch</Filter>
    </ClInclude>
    <ClInclude Include="..\public\GameObject_Snow.h">
      <Filter>02.GameObjects\ParticleSystemTest\GameObject_Snow</Filter>
    </ClInclude>
    <ClInclude Include="..\public\Level_Hong.h">
      <Filter>01.Levels\Hong</Filter>
    </ClInclude>
    <ClInclude Include="..\public\Inven_UI.h">
      <Filter>02.GameObjects\00_1. Inven</Filter>
    </ClInclude>
    <ClInclude Include="..\public\Node.h">
      <Filter>02.GameObjects\JW_Boss\Node</Filter>
    </ClInclude>
    <ClInclude Include="..\public\CompositeNode.h">
      <Filter>02.GameObjects\JW_Boss\Node</Filter>
    </ClInclude>
    <ClInclude Include="..\public\TaskNode.h">
      <Filter>02.GameObjects\JW_Boss\Node</Filter>
    </ClInclude>
    <ClInclude Include="..\public\BehaviorTree.h">
      <Filter>02.GameObjects\JW_Boss\Node</Filter>
    </ClInclude>
    <ClInclude Include="..\public\Level_Boss.h">
      <Filter>01.Levels\Boss</Filter>
    </ClInclude>
    <ClInclude Include="..\public\CthulhuMissile.h">
      <Filter>02.GameObjects\04. Projectile\Monster\Cthulhu</Filter>
    </ClInclude>
    <ClInclude Include="..\public\HellBoss.h">
      <Filter>02.GameObjects\DW_Boss\00.HellBoss</Filter>
    </ClInclude>
    <ClInclude Include="..\Public\Animation.h">
      <Filter>02.GameObjects\DW_Boss\99.Animation</Filter>
    </ClInclude>
    <ClInclude Include="..\public\AnimationManager.h">
      <Filter>02.GameObjects\DW_Boss\99.Animation</Filter>
    </ClInclude>
    <ClInclude Include="..\Public\HellBoss_State.h">
      <Filter>02.GameObjects\DW_Boss\01.HellBoss_State</Filter>
    </ClInclude>
    <ClInclude Include="..\Public\HellBoss_IdleState.h">
      <Filter>02.GameObjects\DW_Boss\01.HellBoss_State\00. IdleState</Filter>
    </ClInclude>
    <ClInclude Include="..\public\HellBoss_WalkState.h">
      <Filter>02.GameObjects\DW_Boss\01.HellBoss_State\01. WalkState</Filter>
    </ClInclude>
    <ClInclude Include="..\public\HellBoss_AttackState.h">
      <Filter>02.GameObjects\DW_Boss\01.HellBoss_State\02. AttackState</Filter>
    </ClInclude>
    <ClInclude Include="..\public\HellBoss_MorphState.h">
      <Filter>02.GameObjects\DW_Boss\01.HellBoss_State\03. MorphState</Filter>
    </ClInclude>
    <ClInclude Include="..\public\HellBoss_DeadState.h">
      <Filter>02.GameObjects\DW_Boss\01.HellBoss_State\04. DeadState</Filter>
    </ClInclude>
    <ClInclude Include="..\public\Pattern_Attack_Base.h">
      <Filter>02.GameObjects\DW_Boss\02.HellBoss_Pattern\Attack</Filter>
    </ClInclude>
    <ClInclude Include="..\public\Pattern_EyeBlast.h">
      <Filter>02.GameObjects\DW_Boss\02.HellBoss_Pattern\Attack\Pattern_EyeBlast</Filter>
    </ClInclude>
    <ClInclude Include="..\public\Pattern_Morph.h">
      <Filter>02.GameObjects\DW_Boss\02.HellBoss_Pattern\Attack\Patter_Morph</Filter>
    </ClInclude>
    <ClInclude Include="..\public\Pattern_Shoot.h">
      <Filter>02.GameObjects\DW_Boss\02.HellBoss_Pattern\Attack\Pattern_Shoot</Filter>
    </ClInclude>
    <ClInclude Include="..\public\HellBoss_Bullet.h">
      <Filter>02.GameObjects\DW_Boss\03.HellBoss_Bullet</Filter>
    </ClInclude>
    <ClInclude Include="..\public\Cthulhu_Tentacle.h">
      <Filter>02.GameObjects\JW_Boss</Filter>
    </ClInclude>
    <ClInclude Include="..\public\Long_Torch.h">
      <Filter>02.GameObjects\Prefabs\Long_Torch</Filter>
    </ClInclude>
    <ClInclude Include="..\public\Hub_Light.h">
      <Filter>02.GameObjects\Prefabs\Hub_Light</Filter>
    </ClInclude>
    <ClInclude Include="..\public\Candles.h">
      <Filter>02.GameObjects\Prefabs\Candles</Filter>
    </ClInclude>
    <ClInclude Include="..\public\Lamp.h">
      <Filter>02.GameObjects\Prefabs\Lamp</Filter>
    </ClInclude>
    <ClInclude Include="..\public\Goblet.h">
      <Filter>02.GameObjects\Prefabs\Goblet</Filter>
    </ClInclude>
    <ClInclude Include="..\public\Prefabs.h">
      <Filter>02.GameObjects\Prefabs</Filter>
    </ClInclude>
    <ClInclude Include="..\public\Cthulhu_Big_Tentacle.h">
      <Filter>02.GameObjects\JW_Boss</Filter>
    </ClInclude>
    <ClInclude Include="..\public\Cursor.h">
      <Filter>02.GameObjects\97. UI\04. Cursor</Filter>
    </ClInclude>
    <ClInclude Include="..\public\UI_Hit_Blood.h">
      <Filter>02.GameObjects\97. UI\02.GamePlay_UI\99. Player Hit Effect UI</Filter>
    </ClInclude>
  </ItemGroup>
  <ItemGroup>
    <Image Include="Client.ico">
      <Filter>98.Default</Filter>
    </Image>
    <Image Include="small.ico">
      <Filter>98.Default</Filter>
    </Image>
  </ItemGroup>
  <ItemGroup>
    <ResourceCompile Include="Client.rc">
      <Filter>98.Default</Filter>
    </ResourceCompile>
  </ItemGroup>
  <ItemGroup>
    <ClCompile Include="Client.cpp">
      <Filter>98.Default</Filter>
    </ClCompile>
    <ClCompile Include="MainApp.cpp">
      <Filter>00.MainApp</Filter>
    </ClCompile>
    <ClCompile Include="..\private\Terrain.cpp">
      <Filter>02.GameObjects\98. Terrain</Filter>
    </ClCompile>
    <ClCompile Include="..\private\Level_Logo.cpp">
      <Filter>01.Levels\Logo</Filter>
    </ClCompile>
    <ClCompile Include="..\private\Level_Loading.cpp">
      <Filter>01.Levels\Loading</Filter>
    </ClCompile>
    <ClCompile Include="..\private\Level_GamePlay.cpp">
      <Filter>01.Levels\GamePlay</Filter>
    </ClCompile>
    <ClCompile Include="..\private\UI_Mid_Display.cpp">
      <Filter>02.GameObjects\97. UI\99. Player_UI\03.UI_Mid_Display</Filter>
    </ClCompile>
    <ClCompile Include="..\private\UI_Default_Panel.cpp">
      <Filter>02.GameObjects\97. UI\02.GamePlay_UI\00.UI_PANEL</Filter>
    </ClCompile>
    <ClCompile Include="..\private\Camera_Free.cpp">
      <Filter>02.GameObjects\99. Camera\Free</Filter>
    </ClCompile>
    <ClCompile Include="..\private\Loading_UI.cpp">
      <Filter>02.GameObjects\97. UI\00.Loading_UI</Filter>
    </ClCompile>
    <ClCompile Include="..\private\UI_Right_Display.cpp">
      <Filter>02.GameObjects\97. UI\99. Player_UI\02.UI_Right_Display</Filter>
    </ClCompile>
    <ClCompile Include="..\private\UI_Left_Display.cpp">
      <Filter>02.GameObjects\97. UI\99. Player_UI\01.UI_Left_Display</Filter>
    </ClCompile>
    <ClCompile Include="..\private\UI_HP_Bar.cpp">
      <Filter>02.GameObjects\97. UI\99. Player_UI\01.UI_Left_Display\00.HP</Filter>
    </ClCompile>
    <ClCompile Include="..\Private\UI_Player_Icon.cpp">
      <Filter>02.GameObjects\97. UI\99. Player_UI\01.UI_Left_Display\02.PlayerIcon</Filter>
    </ClCompile>
    <ClCompile Include="..\private\UI_Bullet_Bar.cpp">
      <Filter>02.GameObjects\97. UI\99. Player_UI\02.UI_Right_Display\Bullet</Filter>
    </ClCompile>
    <ClCompile Include="..\private\Player.cpp">
      <Filter>02.GameObjects\00.Player</Filter>
    </ClCompile>
    <ClCompile Include="..\Private\UI_MP_Bar.cpp">
      <Filter>02.GameObjects\97. UI\99. Player_UI\01.UI_Left_Display\01.MP</Filter>
    </ClCompile>
    <ClCompile Include="..\private\UI_Menu.cpp">
      <Filter>02.GameObjects\97. UI\02.GamePlay_UI\04.UI_MENU</Filter>
    </ClCompile>
    <ClCompile Include="..\Private\UI_Spell_Shop.cpp">
      <Filter>02.GameObjects\05. Hub\01. Hub_UI\Shop\Spell_Shop_UI</Filter>
    </ClCompile>
    <ClCompile Include="..\Private\BackGround.cpp">
      <Filter>02.GameObjects\97. UI\01.Logo_UI\BackGround</Filter>
    </ClCompile>
    <ClCompile Include="..\private\Logo_Button.cpp">
      <Filter>02.GameObjects\07. Button\Logo_Button</Filter>
    </ClCompile>
    <ClCompile Include="..\private\GamePlay_Button.cpp">
      <Filter>02.GameObjects\07. Button\GamePlay</Filter>
    </ClCompile>
    <ClCompile Include="..\Private\Camera_FirstPerson.cpp">
      <Filter>02.GameObjects\99. Camera\FirstPerson</Filter>
    </ClCompile>
    <ClCompile Include="..\private\Structure.cpp">
      <Filter>02.GameObjects\96. Structure</Filter>
    </ClCompile>
    <ClCompile Include="..\private\Loader.cpp">
      <Filter>01.Levels\Loading\Loader</Filter>
    </ClCompile>
    <ClCompile Include="..\private\Default_Menu.cpp">
      <Filter>02.GameObjects\97. UI\01.Logo_UI\MainMenu</Filter>
    </ClCompile>
    <ClCompile Include="..\private\Claymore.cpp">
      <Filter>02.GameObjects\00_2. Weapon\00. MeleeWeapon\00. Claymore</Filter>
    </ClCompile>
    <ClCompile Include="..\private\Magnum.cpp">
      <Filter>02.GameObjects\00_2. Weapon\01. Ranged Weapon\03.Magnum</Filter>
    </ClCompile>
    <ClCompile Include="..\private\JsonLoader.cpp">
      <Filter>999. JsonLoader</Filter>
    </ClCompile>
    <ClCompile Include="..\private\Sky.cpp">
      <Filter>02.GameObjects\Sky</Filter>
    </ClCompile>
    <ClCompile Include="..\private\Axe.cpp">
      <Filter>02.GameObjects\00_2. Weapon\00. MeleeWeapon\01. Axe</Filter>
    </ClCompile>
    <ClCompile Include="..\Private\Inventory.cpp">
      <Filter>02.GameObjects\00_1. Inven</Filter>
    </ClCompile>
    <ClCompile Include="..\Private\Monster_Base.cpp">
      <Filter>02.GameObjects\01.Monster\Base</Filter>
    </ClCompile>
    <ClCompile Include="..\private\Anubis.cpp">
      <Filter>02.GameObjects\01.Monster\normal\Anubis</Filter>
    </ClCompile>
    <ClCompile Include="..\private\Level_Editor.cpp">
      <Filter>01.Levels\Editor</Filter>
    </ClCompile>
    <ClCompile Include="..\private\MyImGui.cpp">
      <Filter>999. JsonLoader</Filter>
    </ClCompile>
    <ClCompile Include="..\Private\Item_Manager.cpp">
      <Filter>96. Manager\Item_Manager</Filter>
    </ClCompile>
    <ClCompile Include="..\private\Crocman.cpp">
      <Filter>02.GameObjects\01.Monster\normal\Crocman</Filter>
    </ClCompile>
    <ClCompile Include="..\private\GameObject_Cube.cpp">
      <Filter>02.GameObjects\Base\Cube</Filter>
    </ClCompile>
    <ClCompile Include="..\private\GameObject_Plane.cpp">
      <Filter>02.GameObjects\Base\Plane</Filter>
    </ClCompile>
    <ClCompile Include="..\private\GameObject_Light.cpp">
      <Filter>02.GameObjects\Base\Light</Filter>
    </ClCompile>
    <ClCompile Include="..\private\ShotGun.cpp">
      <Filter>02.GameObjects\00_2. Weapon\01. Ranged Weapon\02. ShotGun</Filter>
    </ClCompile>
    <ClCompile Include="..\private\Minigun.cpp">
      <Filter>02.GameObjects\00_2. Weapon\01. Ranged Weapon\05. Minigun</Filter>
    </ClCompile>
    <ClCompile Include="..\private\Harvester.cpp">
      <Filter>02.GameObjects\00_2. Weapon\01. Ranged Weapon\06. Harvester</Filter>
    </ClCompile>
    <ClCompile Include="..\private\Sonic.cpp">
      <Filter>02.GameObjects\00_2. Weapon\01. Ranged Weapon\07. Sonic</Filter>
    </ClCompile>
    <ClCompile Include="..\private\Level_Test.cpp">
      <Filter>01.Levels\Test</Filter>
    </ClCompile>
    <ClCompile Include="..\private\GameObject_Sphere.cpp">
      <Filter>02.GameObjects\Base\Sphere</Filter>
    </ClCompile>
    <ClCompile Include="..\private\GameObject_Particle_Test.cpp">
      <Filter>02.GameObjects\ParticleSystemTest</Filter>
    </ClCompile>
    <ClCompile Include="..\private\Staff.cpp" />
    <ClCompile Include="..\Public\Weapon_Effect.cpp">
      <Filter>02.GameObjects\03. Effect\Weapon_Effect</Filter>
    </ClCompile>
    <ClCompile Include="..\Private\Effect_Base.cpp">
      <Filter>02.GameObjects\03. Effect</Filter>
    </ClCompile>
    <ClCompile Include="..\Private\Staff_Bullet.cpp">
      <Filter>02.GameObjects\06. Bullet\Staff_Bullet</Filter>
    </ClCompile>
    <ClCompile Include="..\private\GameObject_Particle_Firework.cpp">
      <Filter>02.GameObjects\ParticleSystemTest</Filter>
    </ClCompile>
    <ClCompile Include="..\private\Harpoonguy.cpp">
      <Filter>02.GameObjects\01.Monster\normal\Harpoonguy</Filter>
    </ClCompile>
    <ClCompile Include="..\private\Projectile_Base.cpp">
      <Filter>02.GameObjects\04. Projectile\Base</Filter>
    </ClCompile>
    <ClCompile Include="..\private\Harpoon.cpp">
      <Filter>02.GameObjects\04. Projectile\Monster\Harpoon</Filter>
    </ClCompile>
    <ClCompile Include="..\Private\UI_Exp_Bar.cpp">
      <Filter>02.GameObjects\97. UI\99. Player_UI\03.UI_Mid_Display\Exp_Bar</Filter>
    </ClCompile>
    <ClCompile Include="..\Private\UI_WeaponShop_UI.cpp">
      <Filter>02.GameObjects\05. Hub\01. Hub_UI\Shop\Weapon_Shop_UI</Filter>
    </ClCompile>
    <ClCompile Include="..\private\Effect.cpp">
      <Filter>02.GameObjects\Effect</Filter>
    </ClCompile>
    <ClCompile Include="..\private\Item.cpp">
      <Filter>02.GameObjects\02. Item</Filter>
    </ClCompile>
    <ClCompile Include="..\private\Shop.cpp">
      <Filter>02.GameObjects\05. Hub\00. Hub_Object</Filter>
    </ClCompile>
    <ClCompile Include="..\Private\UI_Shop_Base.cpp">
      <Filter>02.GameObjects\05. Hub\01. Hub_UI\Shop</Filter>
    </ClCompile>
    <ClCompile Include="..\private\UI_Episode_Hub.cpp">
      <Filter>02.GameObjects\05. Hub\01. Hub_UI\Episode</Filter>
    </ClCompile>
    <ClCompile Include="..\private\GameObject_Projectile_Test.cpp">
      <Filter>02.GameObjects\ParticleSystemTest\GameObject_Projectile</Filter>
    </ClCompile>
    <ClCompile Include="..\Private\Bullet_Base.cpp">
      <Filter>02.GameObjects\06. Bullet</Filter>
    </ClCompile>
    <ClCompile Include="..\Private\Inven_UI.cpp">
      <Filter>02.GameObjects\00_1. Inven</Filter>
    </ClCompile>
    <ClCompile Include="..\Private\Image.cpp">
      <Filter>02.GameObjects\Image</Filter>
    </ClCompile>
    <ClCompile Include="..\Private\UI_Base.cpp">
      <Filter>02.GameObjects\97. UI</Filter>
    </ClCompile>
    <ClCompile Include="..\Private\Weapon_Base.cpp">
      <Filter>02.GameObjects\00_2. Weapon\Weapon_Base</Filter>
    </ClCompile>
    <ClCompile Include="..\Private\Melee_Weapon.cpp">
      <Filter>02.GameObjects\00_2. Weapon\Weapon_Base\Melee</Filter>
    </ClCompile>
    <ClCompile Include="..\Private\Ranged_Weapon.cpp">
      <Filter>02.GameObjects\00_2. Weapon\Weapon_Base\Ranged</Filter>
    </ClCompile>
    <ClCompile Include="..\Private\Observer.cpp">
      <Filter>95. Design</Filter>
    </ClCompile>
    <ClCompile Include="..\private\Trigger.cpp">
      <Filter>02.GameObjects\96. Structure\Trigger</Filter>
    </ClCompile>
    <ClCompile Include="..\private\Staff.cpp" />
    <ClCompile Include="..\private\Door.cpp">
      <Filter>02.GameObjects\96. Structure\Door</Filter>
    </ClCompile>
    <ClCompile Include="..\private\Blood_Effect.cpp">
      <Filter>02.GameObjects\03. Effect\Blood_Effect</Filter>
    </ClCompile>
    <ClCompile Include="..\private\Staff.cpp">
      <Filter>02.GameObjects\00_2. Weapon\01. Ranged Weapon\04. Staff</Filter>
    </ClCompile>
    <ClCompile Include="..\private\Hub_Episode.cpp">
      <Filter>02.GameObjects\05. Hub\00. Hub_Object\Episode</Filter>
    </ClCompile>
    <ClCompile Include="..\private\Hub_PointShop.cpp">
      <Filter>02.GameObjects\05. Hub\00. Hub_Object\PointShop</Filter>
    </ClCompile>
    <ClCompile Include="..\private\Hub_Portal.cpp">
      <Filter>02.GameObjects\05. Hub\00. Hub_Object\Portal</Filter>
    </ClCompile>
    <ClCompile Include="..\private\Hub_SpellShop.cpp">
      <Filter>02.GameObjects\05. Hub\00. Hub_Object\SpellShop</Filter>
    </ClCompile>
    <ClCompile Include="..\private\Yeti.cpp">
      <Filter>02.GameObjects\01.Monster\normal\Yeti</Filter>
    </ClCompile>
    <ClCompile Include="..\private\Hub_WeaponShop.cpp">
      <Filter>02.GameObjects\05. Hub\00. Hub_Object\WeaponShop</Filter>
    </ClCompile>
    <ClCompile Include="..\Private\UI_Event.cpp">
      <Filter>02.GameObjects\97. UI\98. Event_UI</Filter>
    </ClCompile>
    <ClCompile Include="..\private\Level_Hub.cpp">
      <Filter>01.Levels\Hub</Filter>
    </ClCompile>
    <ClCompile Include="..\private\Staff.cpp">
      <Filter>02.GameObjects\00_2. Weapon\01. Ranged Weapon\04. Staff</Filter>
    </ClCompile>
    <ClCompile Include="..\private\StructureManager.cpp">
      <Filter>02.GameObjects\96. Structure\Manager</Filter>
    </ClCompile>
    <ClCompile Include="..\private\MiniMap.cpp">
      <Filter>02.GameObjects\95. MiniMap</Filter>
    </ClCompile>
    <ClCompile Include="..\private\Hit_Effect.cpp">
      <Filter>02.GameObjects\03. Effect\BulletHit_Effect</Filter>
    </ClCompile>
    <ClCompile Include="..\private\Staff.cpp">
      <Filter>02.GameObjects\00_2. Weapon\01. Ranged Weapon\04. Staff</Filter>
    </ClCompile>
    <ClCompile Include="..\private\Staff.cpp">
      <Filter>02.GameObjects\00_2. Weapon\01. Ranged Weapon\04. Staff</Filter>
    </ClCompile>
    <ClCompile Include="..\private\UI_Point_Shop.cpp">
      <Filter>02.GameObjects\05. Hub\01. Hub_UI\Shop\Point_Shop_UI</Filter>
    </ClCompile>
    <ClCompile Include="..\private\Snowspider.cpp">
      <Filter>02.GameObjects\01.Monster\normal\Snowspider</Filter>
    </ClCompile>
    <ClCompile Include="..\private\Glacier.cpp">
      <Filter>02.GameObjects\01.Monster\normal\Glacier</Filter>
    </ClCompile>
    <ClCompile Include="..\private\GlacierBullet.cpp">
      <Filter>02.GameObjects\04. Projectile\Monster\GlacierBullet</Filter>
    </ClCompile>
    <ClCompile Include="..\private\Torch.cpp">
      <Filter>02.GameObjects\Prefabs\Torch</Filter>
    </ClCompile>
    <ClCompile Include="..\private\GameObject_Snow.cpp">
      <Filter>02.GameObjects\ParticleSystemTest\GameObject_Snow</Filter>
    </ClCompile>
    <ClCompile Include="..\private\Level_Hong.cpp">
      <Filter>01.Levels\Hong</Filter>
    </ClCompile>
    <ClCompile Include="..\private\BehaviorTree.cpp">
      <Filter>02.GameObjects\JW_Boss\Node</Filter>
    </ClCompile>
    <ClCompile Include="..\private\Cthulhu.cpp">
      <Filter>02.GameObjects\JW_Boss</Filter>
    </ClCompile>
    <ClCompile Include="..\private\Level_Boss.cpp">
      <Filter>01.Levels\Boss</Filter>
    </ClCompile>
    <ClCompile Include="..\private\CthulhuMissile.cpp">
      <Filter>02.GameObjects\04. Projectile\Monster\Cthulhu</Filter>
    </ClCompile>
    <ClCompile Include="..\private\HellBoss.cpp">
      <Filter>02.GameObjects\DW_Boss\00.HellBoss</Filter>
    </ClCompile>
    <ClCompile Include="..\Private\HellBoss_IdleState.cpp">
      <Filter>02.GameObjects\DW_Boss\01.HellBoss_State\00. IdleState</Filter>
    </ClCompile>
    <ClCompile Include="..\private\HellBoss_WalkState.cpp">
      <Filter>02.GameObjects\DW_Boss\01.HellBoss_State\01. WalkState</Filter>
    </ClCompile>
    <ClCompile Include="..\private\HellBoss_AttackState.cpp">
      <Filter>02.GameObjects\DW_Boss\01.HellBoss_State\02. AttackState</Filter>
    </ClCompile>
    <ClCompile Include="..\private\HellBoss_MorphState.cpp">
      <Filter>02.GameObjects\DW_Boss\01.HellBoss_State\03. MorphState</Filter>
    </ClCompile>
    <ClCompile Include="..\private\HellBoss_DeadState.cpp">
      <Filter>02.GameObjects\DW_Boss\01.HellBoss_State\04. DeadState</Filter>
    </ClCompile>
    <ClCompile Include="..\private\Pattern_Shoot.cpp">
      <Filter>02.GameObjects\DW_Boss\02.HellBoss_Pattern\Attack\Pattern_Shoot</Filter>
    </ClCompile>
    <ClCompile Include="..\private\Pattern_EyeBlast.cpp">
      <Filter>02.GameObjects\DW_Boss\02.HellBoss_Pattern\Attack\Pattern_EyeBlast</Filter>
    </ClCompile>
    <ClCompile Include="..\private\Pattern_Morph.cpp">
      <Filter>02.GameObjects\DW_Boss\02.HellBoss_Pattern\Attack\Patter_Morph</Filter>
    </ClCompile>
    <ClCompile Include="..\private\HellBoss_State.cpp">
      <Filter>02.GameObjects\DW_Boss\01.HellBoss_State</Filter>
    </ClCompile>
    <ClCompile Include="..\private\HellBoss_Bullet.cpp">
      <Filter>02.GameObjects\DW_Boss\03.HellBoss_Bullet</Filter>
    </ClCompile>
    <ClCompile Include="..\private\Cthulhu_Tentacle.cpp">
      <Filter>02.GameObjects\JW_Boss</Filter>
    </ClCompile>
    <ClCompile Include="..\private\Long_Torch.cpp">
      <Filter>02.GameObjects\Prefabs\Long_Torch</Filter>
    </ClCompile>
    <ClCompile Include="..\private\Hub_Light.cpp">
      <Filter>02.GameObjects\Prefabs\Hub_Light</Filter>
    </ClCompile>
    <ClCompile Include="..\private\Candles.cpp">
      <Filter>02.GameObjects\Prefabs\Candles</Filter>
    </ClCompile>
    <ClCompile Include="..\private\Lamp.cpp">
      <Filter>02.GameObjects\Prefabs\Lamp</Filter>
    </ClCompile>
    <ClCompile Include="..\private\Goblet.cpp">
      <Filter>02.GameObjects\Prefabs\Goblet</Filter>
    </ClCompile>
    <ClCompile Include="..\private\Cthulhu_Big_Tentacle.cpp">
      <Filter>02.GameObjects\JW_Boss</Filter>
    </ClCompile>
    <ClCompile Include="..\private\Cursor.cpp">
      <Filter>02.GameObjects\97. UI\04. Cursor</Filter>
    </ClCompile>
    <ClCompile Include="..\private\UI_Hit_Blood.cpp">
      <Filter>02.GameObjects\97. UI\02.GamePlay_UI\99. Player Hit Effect UI</Filter>
    </ClCompile>
  </ItemGroup>
  <ItemGroup>
    <FxCompile Include="..\..\Resources\Shaders\VertexShaderTest.hlsl">
      <Filter>97.ShaderFiles</Filter>
    </FxCompile>
    <FxCompile Include="..\..\Resources\Shaders\Shader_Rect.hlsl">
      <Filter>97.ShaderFiles</Filter>
    </FxCompile>
    <FxCompile Include="..\..\Resources\Shaders\FogShader.hlsl">
      <Filter>97.ShaderFiles</Filter>
    </FxCompile>
    <FxCompile Include="..\..\Resources\Shaders\DoubleSideRect.hlsl">
      <Filter>97.ShaderFiles</Filter>
    </FxCompile>
    <FxCompile Include="..\..\Resources\Shaders\PixelShader.hlsl">
      <Filter>97.ShaderFiles</Filter>
    </FxCompile>
    <FxCompile Include="..\..\Resources\Shaders\TestPixelShader.hlsl">
      <Filter>97.ShaderFiles</Filter>
    </FxCompile>
    <FxCompile Include="..\..\Resources\Shaders\VertexShader.hlsl">
      <Filter>97.ShaderFiles</Filter>
    </FxCompile>
    <FxCompile Include="..\..\Resources\Shaders\BaseShader.hlsl">
      <Filter>97.ShaderFiles</Filter>
    </FxCompile>
  </ItemGroup>
</Project>