<?xml version="1.0" encoding="utf-8"?>
<Project ToolsVersion="4.0" xmlns="http://schemas.microsoft.com/developer/msbuild/2003">
  <ItemGroup>
    <Filter Include="99.Headers">
      <UniqueIdentifier>{fcace3ae-9159-40b6-9db2-b1157c2c1a8e}</UniqueIdentifier>
    </Filter>
    <Filter Include="98.Default">
      <UniqueIdentifier>{c71aa598-32ef-4232-87ce-4a5d4dad2483}</UniqueIdentifier>
    </Filter>
    <Filter Include="00.MainApp">
      <UniqueIdentifier>{369681bb-6938-407b-bc8d-ba710eb82c23}</UniqueIdentifier>
    </Filter>
    <Filter Include="01.Levels">
      <UniqueIdentifier>{41256f5c-82f1-4be2-a738-7bf24b49e419}</UniqueIdentifier>
    </Filter>
    <Filter Include="01.Levels\Logo">
      <UniqueIdentifier>{a926e41f-b171-4b7c-90c8-605be1a166f7}</UniqueIdentifier>
    </Filter>
    <Filter Include="01.Levels\Loading">
      <UniqueIdentifier>{cd6f1077-a658-4259-ad08-ca7b827e1e50}</UniqueIdentifier>
    </Filter>
    <Filter Include="01.Levels\Loading\Loader">
      <UniqueIdentifier>{a4567c73-3efb-4ce1-a29b-da4945a9cb93}</UniqueIdentifier>
    </Filter>
    <Filter Include="01.Levels\GamePlay">
      <UniqueIdentifier>{efb49076-2627-4a87-abf5-c51f865b5c61}</UniqueIdentifier>
    </Filter>
    <Filter Include="02.GameObjects">
      <UniqueIdentifier>{fc197735-46d5-4551-ad66-96d8601cef85}</UniqueIdentifier>
    </Filter>
    <Filter Include="96. Manager">
      <UniqueIdentifier>{99fd3b07-90c4-47dc-994b-c23ffa0937e5}</UniqueIdentifier>
    </Filter>
    <Filter Include="96. Manager\UI_Manager">
      <UniqueIdentifier>{c0d63515-f904-4d4c-9616-e675b485b353}</UniqueIdentifier>
    </Filter>
    <Filter Include="96. Manager\Item_Manager">
      <UniqueIdentifier>{9801f51e-72c3-4afa-9b48-140af7d04d64}</UniqueIdentifier>
    </Filter>
    <Filter Include="97. Hong_Headers">
      <UniqueIdentifier>{220958d5-1d2e-4240-8dea-f4a0062ced2d}</UniqueIdentifier>
    </Filter>
    <Filter Include="02.GameObjects\00.Player">
      <UniqueIdentifier>{16d06422-a5ba-4e2c-af8a-628d2d2a5dc0}</UniqueIdentifier>
    </Filter>
    <Filter Include="02.GameObjects\01.Monster">
      <UniqueIdentifier>{7e491efc-5d2d-477d-9ef4-87d044fa2728}</UniqueIdentifier>
    </Filter>
    <Filter Include="02.GameObjects\99. Camera">
      <UniqueIdentifier>{ca227791-6c30-46ed-b75c-8604aeaf2b89}</UniqueIdentifier>
    </Filter>
    <Filter Include="02.GameObjects\99. Camera\Free">
      <UniqueIdentifier>{9a579ff3-968b-4937-b82a-dcf470db3132}</UniqueIdentifier>
    </Filter>
    <Filter Include="02.GameObjects\99. Camera\FirstPerson">
      <UniqueIdentifier>{acb5fd34-0af2-4e31-9a34-c2ec83823af0}</UniqueIdentifier>
    </Filter>
    <Filter Include="02.GameObjects\97. UI">
      <UniqueIdentifier>{fba72f13-298e-4fff-a0c9-f7e0f36566ad}</UniqueIdentifier>
    </Filter>
    <Filter Include="02.GameObjects\97. UI\01.Logo_UI">
      <UniqueIdentifier>{85bb928b-017d-4b9f-88f6-6d68fa56d270}</UniqueIdentifier>
    </Filter>
    <Filter Include="02.GameObjects\97. UI\01.Logo_UI\MainMenu">
      <UniqueIdentifier>{48c7a6a5-4806-4406-aa51-e8ac3f749af0}</UniqueIdentifier>
    </Filter>
    <Filter Include="02.GameObjects\97. UI\01.Logo_UI\BackGround">
      <UniqueIdentifier>{cacde4f5-7fc7-406d-9ed5-7a738becec0f}</UniqueIdentifier>
    </Filter>
    <Filter Include="02.GameObjects\97. UI\02.GamePlay_UI">
      <UniqueIdentifier>{61f44fee-ddaf-48f8-9cf7-83daba36bb2b}</UniqueIdentifier>
    </Filter>
    <Filter Include="02.GameObjects\97. UI\02.GamePlay_UI\00.UI_PANEL">
      <UniqueIdentifier>{4958d50b-b755-405e-b20a-ea4c99da56d3}</UniqueIdentifier>
    </Filter>
    <Filter Include="02.GameObjects\97. UI\02.GamePlay_UI\04.UI_MENU">
      <UniqueIdentifier>{d5070475-8403-4ebf-9ecb-4b46d5e0e6a3}</UniqueIdentifier>
    </Filter>
    <Filter Include="02.GameObjects\97. UI\02.GamePlay_UI\05.UI_WEAPON">
      <UniqueIdentifier>{bc73a85d-d6db-4ebf-9040-f2fab1b41e36}</UniqueIdentifier>
    </Filter>
    <Filter Include="02.GameObjects\97. UI\02.GamePlay_UI\06.UI_DIALOGUE">
      <UniqueIdentifier>{243758be-2338-4d7a-95d3-c5ff27d7ca16}</UniqueIdentifier>
    </Filter>
    <Filter Include="02.GameObjects\97. UI\02.GamePlay_UI\01.UI_Left_Display">
      <UniqueIdentifier>{85069806-8b3e-4ea4-bf67-ffdc00a1782c}</UniqueIdentifier>
    </Filter>
    <Filter Include="02.GameObjects\97. UI\02.GamePlay_UI\01.UI_Left_Display\00.HP">
      <UniqueIdentifier>{62b300fc-eaa1-4a17-956c-4a687b592630}</UniqueIdentifier>
    </Filter>
    <Filter Include="02.GameObjects\97. UI\02.GamePlay_UI\01.UI_Left_Display\01.MP">
      <UniqueIdentifier>{22ef7993-c622-41ab-a771-c7c40a0eef04}</UniqueIdentifier>
    </Filter>
    <Filter Include="02.GameObjects\97. UI\02.GamePlay_UI\01.UI_Left_Display\02.PlayerIcon">
      <UniqueIdentifier>{b562e461-59c9-4b73-a134-d8b070ac52bd}</UniqueIdentifier>
    </Filter>
    <Filter Include="02.GameObjects\97. UI\02.GamePlay_UI\01.UI_Left_Display\03.Key">
      <UniqueIdentifier>{0141b836-8067-408c-812f-01969b88986a}</UniqueIdentifier>
    </Filter>
    <Filter Include="02.GameObjects\97. UI\02.GamePlay_UI\02.UI_Right_Display">
      <UniqueIdentifier>{723d41c7-59ff-4948-bc41-432f46d3483d}</UniqueIdentifier>
    </Filter>
    <Filter Include="02.GameObjects\97. UI\02.GamePlay_UI\02.UI_Right_Display\Bullet">
      <UniqueIdentifier>{3092ab4c-01b9-4ffc-952f-2ee449a62a90}</UniqueIdentifier>
    </Filter>
    <Filter Include="02.GameObjects\97. UI\02.GamePlay_UI\03.UI_Mid_Display">
      <UniqueIdentifier>{bb0e3c4f-4e51-466e-8d12-e28d82ca22cd}</UniqueIdentifier>
    </Filter>
    <Filter Include="02.GameObjects\97. UI\03.Loading">
      <UniqueIdentifier>{dbaac1b6-4c94-46d3-8a10-834ed5aa515a}</UniqueIdentifier>
    </Filter>
    <Filter Include="02.GameObjects\97. UI\99. Button">
      <UniqueIdentifier>{73274f6f-b41f-4990-b6ff-c4914cad5197}</UniqueIdentifier>
    </Filter>
    <Filter Include="02.GameObjects\97. UI\99. Button\Logo_Button">
      <UniqueIdentifier>{d3cf93ef-aaf9-4523-8f17-2af6ed80d2fb}</UniqueIdentifier>
    </Filter>
    <Filter Include="02.GameObjects\97. UI\99. Button\GamePlay">
      <UniqueIdentifier>{3a797ae8-32eb-4d17-9b9d-8c6e82a13066}</UniqueIdentifier>
    </Filter>
    <Filter Include="02.GameObjects\97. UI\04.Shop">
      <UniqueIdentifier>{cdae7bea-fcbc-40ab-a353-021d65619c4c}</UniqueIdentifier>
    </Filter>
    <Filter Include="02.GameObjects\97. UI\04.Shop\Spell_Shop_UI">
      <UniqueIdentifier>{2f9e9709-fb90-48ce-92b9-13633bdd18a0}</UniqueIdentifier>
    </Filter>
    <Filter Include="02.GameObjects\98. Terrain">
      <UniqueIdentifier>{9de21c46-a0f5-43b6-8a26-1378d9bcc1aa}</UniqueIdentifier>
    </Filter>
    <Filter Include="02.GameObjects\02. Item">
      <UniqueIdentifier>{7410495c-2ebe-448e-887e-61ab8a3b62b4}</UniqueIdentifier>
    </Filter>
    <Filter Include="02.GameObjects\02. Item\99. Weapon">
      <UniqueIdentifier>{bda00311-2010-4dc6-8616-fcc7b7160629}</UniqueIdentifier>
    </Filter>
    <Filter Include="02.GameObjects\02. Item\99. Weapon\CMeleeWeapon">
      <UniqueIdentifier>{a63de5a8-d560-430e-8184-13e297b85853}</UniqueIdentifier>
    </Filter>
    <Filter Include="02.GameObjects\02. Item\99. Weapon\CMeleeWeapon\Claymore">
      <UniqueIdentifier>{f23db6f8-636e-4d2c-8a87-bd2a2e55fd15}</UniqueIdentifier>
    </Filter>
    <Filter Include="02.GameObjects\02. Item\99. Weapon\CMeleeWeapon\Axe">
      <UniqueIdentifier>{e0b0c9df-54bc-4bb2-9161-7e8e26a783b0}</UniqueIdentifier>
    </Filter>
    <Filter Include="02.GameObjects\02. Item\99. Weapon\Ranged Weapon">
      <UniqueIdentifier>{a9a24ab7-d725-4005-8267-1082b25924f1}</UniqueIdentifier>
    </Filter>
    <Filter Include="02.GameObjects\02. Item\99. Weapon\Ranged Weapon\Magnum">
      <UniqueIdentifier>{edac6ec4-ed4d-4c48-94f8-4b6401d2ccd6}</UniqueIdentifier>
    </Filter>
    <Filter Include="999. JsonLoader">
      <UniqueIdentifier>{614ded8b-fb5d-4e85-b052-74b2726d5d07}</UniqueIdentifier>
    </Filter>
    <Filter Include="02.GameObjects\Sky">
      <UniqueIdentifier>{9577e1b8-0648-4258-bdc6-c3a799c174cd}</UniqueIdentifier>
    </Filter>
    <Filter Include="02.GameObjects\96. Structure">
      <UniqueIdentifier>{01a4a485-e43d-48f6-a8ff-d7b89bcf1367}</UniqueIdentifier>
    </Filter>
    <Filter Include="Inven">
      <UniqueIdentifier>{09a4a540-e0c5-4137-aa67-00aa62d9aff5}</UniqueIdentifier>
    </Filter>
    <Filter Include="02.GameObjects\97. UI\05. ItemIcon">
      <UniqueIdentifier>{33781b4a-53c8-43fd-8994-421a11835195}</UniqueIdentifier>
    </Filter>
    <Filter Include="02.GameObjects\01.Monster\Base">
      <UniqueIdentifier>{e893cfbc-4901-452a-82c8-362db3f51317}</UniqueIdentifier>
    </Filter>
    <Filter Include="02.GameObjects\01.Monster\Anubis">
      <UniqueIdentifier>{54719e9f-0839-471c-a96f-16d435f626d8}</UniqueIdentifier>
    </Filter>
    <Filter Include="02.GameObjects\01.Monster\Harpoonguy">
      <UniqueIdentifier>{0d132fd3-9009-4ee7-be71-25807adcb069}</UniqueIdentifier>
    </Filter>
    <Filter Include="01.Levels\Editor">
      <UniqueIdentifier>{45f9bd66-c000-430b-bcc3-934b1428b194}</UniqueIdentifier>
    </Filter>
    <Filter Include="02.GameObjects\02. Item\99. Weapon\Ranged Weapon\Staff">
      <UniqueIdentifier>{b9c28634-f146-4ad6-b9f9-b3e851bd7479}</UniqueIdentifier>
    </Filter>
    <Filter Include="02.GameObjects\02. Item\99. Weapon\Ranged Weapon\ShotGun">
      <UniqueIdentifier>{dea0738d-5efd-4630-ae1d-08d9f2475b32}</UniqueIdentifier>
    </Filter>
    <Filter Include="02.GameObjects\Base">
      <UniqueIdentifier>{4e7e5cd3-a7b1-4280-9670-f41b0cd811e3}</UniqueIdentifier>
    </Filter>
    <Filter Include="02.GameObjects\Base\Cube">
      <UniqueIdentifier>{e51546df-4bc3-4eeb-977c-f2d73dd0f618}</UniqueIdentifier>
    </Filter>
    <Filter Include="02.GameObjects\Base\Plane">
      <UniqueIdentifier>{4bda81ff-8a8c-4202-b689-c3a1dada4b14}</UniqueIdentifier>
    </Filter>
    <Filter Include="02.GameObjects\Base\Light">
      <UniqueIdentifier>{96e63922-b56a-4731-8852-a0e60db39308}</UniqueIdentifier>
    </Filter>
  </ItemGroup>
  <ItemGroup>
    <ClInclude Include="Client.h">
      <Filter>98.Default</Filter>
    </ClInclude>
    <ClInclude Include="framework.h">
      <Filter>98.Default</Filter>
    </ClInclude>
    <ClInclude Include="Resource.h">
      <Filter>98.Default</Filter>
    </ClInclude>
    <ClInclude Include="targetver.h">
      <Filter>98.Default</Filter>
    </ClInclude>
    <ClInclude Include="MainApp.h">
      <Filter>00.MainApp</Filter>
    </ClInclude>
    <ClInclude Include="..\public\Client_Defines.h">
      <Filter>99.Headers</Filter>
    </ClInclude>
    <ClInclude Include="..\public\Client_Enum.h">
      <Filter>99.Headers</Filter>
    </ClInclude>
    <ClInclude Include="..\public\Terrain.h">
      <Filter>02.GameObjects\98. Terrain</Filter>
    </ClInclude>
    <ClInclude Include="..\public\Loader.h">
      <Filter>01.Levels\Loading\Loader</Filter>
    </ClInclude>
    <ClInclude Include="..\public\Level_Logo.h">
      <Filter>01.Levels\Logo</Filter>
    </ClInclude>
    <ClInclude Include="..\public\Level_Loading.h">
      <Filter>01.Levels\Loading</Filter>
    </ClInclude>
    <ClInclude Include="..\public\Level_GamePlay.h">
      <Filter>01.Levels\GamePlay</Filter>
    </ClInclude>
    <ClInclude Include="..\public\CUI_Manager.h">
      <Filter>96. Manager\UI_Manager</Filter>
    </ClInclude>
    <ClInclude Include="..\public\UI_Left_Display.h">
      <Filter>02.GameObjects\97. UI\02.GamePlay_UI\01.UI_Left_Display</Filter>
    </ClInclude>
    <ClInclude Include="..\public\CUI_WeaponIcon.h">
      <Filter>02.GameObjects\97. UI\02.GamePlay_UI\05.UI_WEAPON</Filter>
    </ClInclude>
    <ClInclude Include="..\public\UI_Right_Display.h">
      <Filter>02.GameObjects\97. UI\02.GamePlay_UI\02.UI_Right_Display</Filter>
    </ClInclude>
    <ClInclude Include="..\public\UI_Menu.h">
      <Filter>02.GameObjects\97. UI\02.GamePlay_UI\04.UI_MENU</Filter>
    </ClInclude>
    <ClInclude Include="..\public\CUI_Dialogue.h">
      <Filter>02.GameObjects\97. UI\02.GamePlay_UI\06.UI_DIALOGUE</Filter>
    </ClInclude>
    <ClInclude Include="..\public\UI_Mid_Display.h">
      <Filter>02.GameObjects\97. UI\02.GamePlay_UI\03.UI_Mid_Display</Filter>
    </ClInclude>
    <ClInclude Include="..\public\UI_Default_Panel.h">
      <Filter>02.GameObjects\97. UI\02.GamePlay_UI\00.UI_PANEL</Filter>
    </ClInclude>
    <ClInclude Include="..\Public\Loading_UI.h">
      <Filter>02.GameObjects\97. UI\03.Loading</Filter>
    </ClInclude>
    <ClInclude Include="..\public\Camera_Free.h">
      <Filter>02.GameObjects\99. Camera\Free</Filter>
    </ClInclude>
    <ClInclude Include="..\public\CUI_Base.h">
      <Filter>02.GameObjects\97. UI</Filter>
    </ClInclude>
    <ClInclude Include="..\Public\UI_HP_Bar.h">
      <Filter>02.GameObjects\97. UI\02.GamePlay_UI\01.UI_Left_Display\00.HP</Filter>
    </ClInclude>
    <ClInclude Include="..\Public\UI_Bullet_Bar.h">
      <Filter>02.GameObjects\97. UI\02.GamePlay_UI\02.UI_Right_Display\Bullet</Filter>
    </ClInclude>
    <ClInclude Include="..\public\UI_Player_Icon.h">
      <Filter>02.GameObjects\97. UI\02.GamePlay_UI\01.UI_Left_Display\02.PlayerIcon</Filter>
    </ClInclude>
    <ClInclude Include="..\public\Player.h">
      <Filter>02.GameObjects\00.Player</Filter>
    </ClInclude>
    <ClInclude Include="..\Public\UI_MP_Bar.h">
      <Filter>02.GameObjects\97. UI\02.GamePlay_UI\01.UI_Left_Display\01.MP</Filter>
    </ClInclude>
    <ClInclude Include="..\Public\UI_Spell_Shop.h">
      <Filter>02.GameObjects\97. UI\04.Shop\Spell_Shop_UI</Filter>
    </ClInclude>
    <ClInclude Include="..\Public\TestMonster.h">
      <Filter>02.GameObjects\01.Monster</Filter>
    </ClInclude>
    <ClInclude Include="..\public\UI_Headers.h">
      <Filter>97. Hong_Headers</Filter>
    </ClInclude>
    <ClInclude Include="..\public\BackGround.h">
      <Filter>02.GameObjects\97. UI\01.Logo_UI\BackGround</Filter>
    </ClInclude>
    <ClInclude Include="..\public\Logo_Button.h">
      <Filter>02.GameObjects\97. UI\99. Button\Logo_Button</Filter>
    </ClInclude>
    <ClInclude Include="..\public\GamePlay_Button.h">
      <Filter>02.GameObjects\97. UI\99. Button\GamePlay</Filter>
    </ClInclude>
    <ClInclude Include="..\public\UI_Structs.h">
      <Filter>97. Hong_Headers</Filter>
    </ClInclude>
    <ClInclude Include="..\Public\Camera_FirstPerson.h">
      <Filter>02.GameObjects\99. Camera\FirstPerson</Filter>
    </ClInclude>
    <ClInclude Include="..\public\Structure.h">
      <Filter>02.GameObjects\96. Structure</Filter>
    </ClInclude>
    <ClInclude Include="..\public\Default_Menu.h">
      <Filter>02.GameObjects\97. UI\01.Logo_UI\MainMenu</Filter>
    </ClInclude>
    <ClInclude Include="..\public\UI_Enum.h">
      <Filter>97. Hong_Headers</Filter>
    </ClInclude>
    <ClInclude Include="..\public\Weapon_Headers.h">
      <Filter>97. Hong_Headers</Filter>
    </ClInclude>
    <ClInclude Include="..\public\Claymore.h">
      <Filter>02.GameObjects\02. Item\99. Weapon\CMeleeWeapon\Claymore</Filter>
    </ClInclude>
    <ClInclude Include="..\public\Melee_Weapon.h">
      <Filter>02.GameObjects\02. Item\99. Weapon\CMeleeWeapon</Filter>
    </ClInclude>
    <ClInclude Include="..\public\Ranged_Weapon.h">
      <Filter>02.GameObjects\02. Item\99. Weapon\Ranged Weapon</Filter>
    </ClInclude>
    <ClInclude Include="..\public\Weapon_Base.h">
      <Filter>02.GameObjects\02. Item\99. Weapon</Filter>
    </ClInclude>
    <ClInclude Include="..\public\Magnum.h">
      <Filter>02.GameObjects\02. Item\99. Weapon\Ranged Weapon\Magnum</Filter>
    </ClInclude>
    <ClInclude Include="..\public\JsonLoader.h">
      <Filter>999. JsonLoader</Filter>
    </ClInclude>
    <ClInclude Include="..\public\Sky.h">
      <Filter>02.GameObjects\Sky</Filter>
    </ClInclude>
    <ClInclude Include="..\public\Axe.h">
      <Filter>02.GameObjects\02. Item\99. Weapon\CMeleeWeapon\Axe</Filter>
    </ClInclude>
    <ClInclude Include="..\public\Staff.h">
      <Filter>02.GameObjects\02. Item\99. Weapon\Ranged Weapon\Staff</Filter>
    </ClInclude>
    <ClInclude Include="..\public\ShotGun.h">
      <Filter>02.GameObjects\02. Item\99. Weapon\Ranged Weapon\ShotGun</Filter>
    </ClInclude>
    <ClInclude Include="..\public\Inventory.h">
      <Filter>Inven</Filter>
    </ClInclude>
    <ClInclude Include="..\Public\Item_Icon.h" />
    <ClInclude Include="..\Public\Monster_Base.h">
      <Filter>02.GameObjects\01.Monster\Base</Filter>
    </ClInclude>
    <ClInclude Include="..\public\Anubis.h">
      <Filter>02.GameObjects\01.Monster\Anubis</Filter>
    </ClInclude>
    <ClInclude Include="..\public\Level_Editor.h">
      <Filter>01.Levels\Editor</Filter>
    </ClInclude>
    <ClInclude Include="..\public\MyImGui.h">
      <Filter>999. JsonLoader</Filter>
    </ClInclude>
    <ClInclude Include="..\Public\Item_Manager.h">
      <Filter>96. Manager\Item_Manager</Filter>
    </ClInclude>
    <ClInclude Include="..\public\GameObject_Cube.h">
      <Filter>02.GameObjects\Base\Cube</Filter>
    </ClInclude>
    <ClInclude Include="..\public\GameObject_Plane.h">
      <Filter>02.GameObjects\Base\Plane</Filter>
    </ClInclude>
    <ClInclude Include="..\public\GameObject_Light.h">
      <Filter>02.GameObjects\Base\Light</Filter>
    </ClInclude>
  </ItemGroup>
  <ItemGroup>
    <Image Include="Client.ico">
      <Filter>98.Default</Filter>
    </Image>
    <Image Include="small.ico">
      <Filter>98.Default</Filter>
    </Image>
  </ItemGroup>
  <ItemGroup>
    <ResourceCompile Include="Client.rc">
      <Filter>98.Default</Filter>
    </ResourceCompile>
  </ItemGroup>
  <ItemGroup>
    <ClCompile Include="Client.cpp">
      <Filter>98.Default</Filter>
    </ClCompile>
    <ClCompile Include="MainApp.cpp">
      <Filter>00.MainApp</Filter>
    </ClCompile>
    <ClCompile Include="..\private\Terrain.cpp">
      <Filter>02.GameObjects\98. Terrain</Filter>
    </ClCompile>
    <ClCompile Include="..\private\Level_Logo.cpp">
      <Filter>01.Levels\Logo</Filter>
    </ClCompile>
    <ClCompile Include="..\private\Level_Loading.cpp">
      <Filter>01.Levels\Loading</Filter>
    </ClCompile>
    <ClCompile Include="..\private\Level_GamePlay.cpp">
      <Filter>01.Levels\GamePlay</Filter>
    </ClCompile>
    <ClCompile Include="..\private\UI_Mid_Display.cpp">
      <Filter>02.GameObjects\97. UI\02.GamePlay_UI\03.UI_Mid_Display</Filter>
    </ClCompile>
    <ClCompile Include="..\private\UI_Default_Panel.cpp">
      <Filter>02.GameObjects\97. UI\02.GamePlay_UI\00.UI_PANEL</Filter>
    </ClCompile>
    <ClCompile Include="..\private\Camera_Free.cpp">
      <Filter>02.GameObjects\99. Camera\Free</Filter>
    </ClCompile>
    <ClCompile Include="..\private\Loading_UI.cpp">
      <Filter>02.GameObjects\97. UI\03.Loading</Filter>
    </ClCompile>
    <ClCompile Include="..\private\UI_Right_Display.cpp">
      <Filter>02.GameObjects\97. UI\02.GamePlay_UI\02.UI_Right_Display</Filter>
    </ClCompile>
    <ClCompile Include="..\private\UI_Left_Display.cpp">
      <Filter>02.GameObjects\97. UI\02.GamePlay_UI\01.UI_Left_Display</Filter>
    </ClCompile>
    <ClCompile Include="..\private\CUI_Base.cpp">
      <Filter>02.GameObjects\97. UI</Filter>
    </ClCompile>
    <ClCompile Include="..\private\UI_HP_Bar.cpp">
      <Filter>02.GameObjects\97. UI\02.GamePlay_UI\01.UI_Left_Display\00.HP</Filter>
    </ClCompile>
    <ClCompile Include="..\Private\UI_Player_Icon.cpp">
      <Filter>02.GameObjects\97. UI\02.GamePlay_UI\01.UI_Left_Display\02.PlayerIcon</Filter>
    </ClCompile>
    <ClCompile Include="..\private\UI_Bullet_Bar.cpp">
      <Filter>02.GameObjects\97. UI\02.GamePlay_UI\02.UI_Right_Display\Bullet</Filter>
    </ClCompile>
    <ClCompile Include="..\private\Player.cpp">
      <Filter>02.GameObjects\00.Player</Filter>
    </ClCompile>
    <ClCompile Include="..\Private\UI_MP_Bar.cpp">
      <Filter>02.GameObjects\97. UI\02.GamePlay_UI\01.UI_Left_Display\01.MP</Filter>
    </ClCompile>
    <ClCompile Include="..\private\UI_Menu.cpp">
      <Filter>02.GameObjects\97. UI\02.GamePlay_UI\04.UI_MENU</Filter>
    </ClCompile>
    <ClCompile Include="..\Private\UI_Spell_Shop.cpp">
      <Filter>02.GameObjects\97. UI\04.Shop\Spell_Shop_UI</Filter>
    </ClCompile>
    <ClCompile Include="..\Private\TestMonster.cpp">
      <Filter>02.GameObjects\01.Monster</Filter>
    </ClCompile>
    <ClCompile Include="..\Private\BackGround.cpp">
      <Filter>02.GameObjects\97. UI\01.Logo_UI\BackGround</Filter>
    </ClCompile>
    <ClCompile Include="..\private\Logo_Button.cpp">
      <Filter>02.GameObjects\97. UI\99. Button\Logo_Button</Filter>
    </ClCompile>
    <ClCompile Include="..\private\GamePlay_Button.cpp">
      <Filter>02.GameObjects\97. UI\99. Button\GamePlay</Filter>
    </ClCompile>
    <ClCompile Include="..\Private\Camera_FirstPerson.cpp">
      <Filter>02.GameObjects\99. Camera\FirstPerson</Filter>
    </ClCompile>
    <ClCompile Include="..\private\Structure.cpp">
      <Filter>02.GameObjects\96. Structure</Filter>
    </ClCompile>
    <ClCompile Include="..\private\Loader.cpp">
      <Filter>01.Levels\Loading\Loader</Filter>
    </ClCompile>
    <ClCompile Include="..\private\Default_Menu.cpp">
      <Filter>02.GameObjects\97. UI\01.Logo_UI\MainMenu</Filter>
    </ClCompile>
    <ClCompile Include="..\private\Claymore.cpp">
      <Filter>02.GameObjects\02. Item\99. Weapon\CMeleeWeapon\Claymore</Filter>
    </ClCompile>
    <ClCompile Include="..\private\Weapon_Base.cpp">
      <Filter>02.GameObjects\02. Item\99. Weapon</Filter>
    </ClCompile>
    <ClCompile Include="..\private\Ranged_Weapon.cpp">
      <Filter>02.GameObjects\02. Item\99. Weapon\Ranged Weapon</Filter>
    </ClCompile>
    <ClCompile Include="..\private\Melee_Weapon.cpp">
      <Filter>02.GameObjects\02. Item\99. Weapon\CMeleeWeapon</Filter>
    </ClCompile>
    <ClCompile Include="..\private\Magnum.cpp">
      <Filter>02.GameObjects\02. Item\99. Weapon\Ranged Weapon\Magnum</Filter>
    </ClCompile>
    <ClCompile Include="..\private\JsonLoader.cpp">
      <Filter>999. JsonLoader</Filter>
    </ClCompile>
    <ClCompile Include="..\private\Sky.cpp">
      <Filter>02.GameObjects\Sky</Filter>
    </ClCompile>
    <ClCompile Include="..\private\Axe.cpp">
      <Filter>02.GameObjects\02. Item\99. Weapon\CMeleeWeapon\Axe</Filter>
    </ClCompile>
    <ClCompile Include="..\private\Staff.cpp">
      <Filter>02.GameObjects\02. Item\99. Weapon\Ranged Weapon\Staft</Filter>
    </ClCompile>
    <ClCompile Include="..\Private\Inventory.cpp">
      <Filter>Inven</Filter>
    </ClCompile>
    <ClCompile Include="..\Private\Item_Icon.cpp" />
    <ClCompile Include="..\Private\Monster_Base.cpp">
      <Filter>02.GameObjects\01.Monster\Base</Filter>
    </ClCompile>
    <ClCompile Include="..\private\Anubis.cpp">
      <Filter>02.GameObjects\01.Monster\Anubis</Filter>
    </ClCompile>
    <ClCompile Include="..\private\Level_Editor.cpp">
      <Filter>01.Levels\Editor</Filter>
    </ClCompile>
    <ClCompile Include="..\private\MyImGui.cpp">
      <Filter>999. JsonLoader</Filter>
    </ClCompile>
    <ClCompile Include="..\Private\Item_Manager.cpp">
      <Filter>96. Manager\Item_Manager</Filter>
    </ClCompile>
    <ClCompile Include="..\private\GameObject_Cube.cpp">
      <Filter>02.GameObjects\Base\Cube</Filter>
    </ClCompile>
    <ClCompile Include="..\private\GameObject_Plane.cpp">
      <Filter>02.GameObjects\Base\Plane</Filter>
    </ClCompile>
    <ClCompile Include="..\private\GameObject_Light.cpp">
      <Filter>02.GameObjects\Base\Light</Filter>
    </ClCompile>
    <ClCompile Include="..\private\Staff.cpp">
      <Filter>02.GameObjects\02. Item\99. Weapon\Ranged Weapon\Staff</Filter>
    </ClCompile>
    <ClCompile Include="..\private\ShotGun.cpp">
      <Filter>02.GameObjects\02. Item\99. Weapon\Ranged Weapon\ShotGun</Filter>
    </ClCompile>
  </ItemGroup>
  <ItemGroup>
    <Text Include="ReadMe.txt" />
  </ItemGroup>
  <ItemGroup>
    <FxCompile Include="TestPixelShader.hlsl">
      <Filter>02.GameObjects\97. UI\01.Logo_UI\BackGround</Filter>
    </FxCompile>
    <FxCompile Include="PixelShader.hlsl">
      <Filter>02.GameObjects\97. UI\01.Logo_UI\BackGround</Filter>
    </FxCompile>
  </ItemGroup>
</Project>